// !$*UTF8*$!
{
	archiveVersion = 1;
	classes = {
	};
	objectVersion = 46;
	objects = {

/* Begin PBXBuildFile section */
		29D78CCBC7A0BCCC574CD5F3 /* libPods.a in Frameworks */ = {isa = PBXBuildFile; fileRef = 70274CC64F4C569AB150CCD5 /* libPods.a */; };
		7A263CFB1AC89B3900D69F60 /* SPLoginRouter.m in Sources */ = {isa = PBXBuildFile; fileRef = 7A263CFA1AC89B3900D69F60 /* SPLoginRouter.m */; };
		7A263D021AC89FEA00D69F60 /* SPContainerViewController.m in Sources */ = {isa = PBXBuildFile; fileRef = 7A263D011AC89FEA00D69F60 /* SPContainerViewController.m */; };
		7A263D131AD1486B00D69F60 /* SPMessage.m in Sources */ = {isa = PBXBuildFile; fileRef = 7A263D121AD1486B00D69F60 /* SPMessage.m */; };
		7A263D161AD1EF1900D69F60 /* SPMessageBuilder.m in Sources */ = {isa = PBXBuildFile; fileRef = 7A263D151AD1EF1900D69F60 /* SPMessageBuilder.m */; };
		7A263D191AD5BEB500D69F60 /* SPContainedViewController.m in Sources */ = {isa = PBXBuildFile; fileRef = 7A263D181AD5BEB500D69F60 /* SPContainedViewController.m */; };
		7A263D1E1AD5C10300D69F60 /* SPFriendsViewController.m in Sources */ = {isa = PBXBuildFile; fileRef = 7A263D1C1AD5C10300D69F60 /* SPFriendsViewController.m */; };
		7A263D1F1AD5C10300D69F60 /* SPFriendsViewController.xib in Resources */ = {isa = PBXBuildFile; fileRef = 7A263D1D1AD5C10300D69F60 /* SPFriendsViewController.xib */; };
		7A45F8A51B011DC5009BDA95 /* SPNotification.m in Sources */ = {isa = PBXBuildFile; fileRef = 7A45F8A41B011DC5009BDA95 /* SPNotification.m */; };
		7A49B9841AE406CA0085D3C6 /* UITextView+Custom.m in Sources */ = {isa = PBXBuildFile; fileRef = 7A49B9831AE406CA0085D3C6 /* UITextView+Custom.m */; };
		7A49B98A1AE417830085D3C6 /* SPFriendTableViewCell.m in Sources */ = {isa = PBXBuildFile; fileRef = 7A49B9881AE417830085D3C6 /* SPFriendTableViewCell.m */; };
		7A49B98B1AE417830085D3C6 /* SPFriendTableViewCell.xib in Resources */ = {isa = PBXBuildFile; fileRef = 7A49B9891AE417830085D3C6 /* SPFriendTableViewCell.xib */; };
		7A49B98F1AE836350085D3C6 /* SPCustomTwoTabView.m in Sources */ = {isa = PBXBuildFile; fileRef = 7A49B98E1AE836350085D3C6 /* SPCustomTwoTabView.m */; };
		7A625F521B053A1A0092F412 /* SPFriendsTableViewController.m in Sources */ = {isa = PBXBuildFile; fileRef = 7A625F511B053A1A0092F412 /* SPFriendsTableViewController.m */; };
		7A625F561B0545ED0092F412 /* SPAutoLayout.m in Sources */ = {isa = PBXBuildFile; fileRef = 7A625F551B0545ED0092F412 /* SPAutoLayout.m */; };
		7AB3D6EB1AC35A3900CA94DB /* main.m in Sources */ = {isa = PBXBuildFile; fileRef = 7AB3D6EA1AC35A3900CA94DB /* main.m */; };
		7AB3D6EE1AC35A3900CA94DB /* SPAppDelegate.m in Sources */ = {isa = PBXBuildFile; fileRef = 7AB3D6ED1AC35A3900CA94DB /* SPAppDelegate.m */; };
		7AB3D6F61AC35A3900CA94DB /* Images.xcassets in Resources */ = {isa = PBXBuildFile; fileRef = 7AB3D6F51AC35A3900CA94DB /* Images.xcassets */; };
		7AB3D6F91AC35A3900CA94DB /* LaunchScreen.xib in Resources */ = {isa = PBXBuildFile; fileRef = 7AB3D6F71AC35A3900CA94DB /* LaunchScreen.xib */; };
		7AB3D7051AC35A3900CA94DB /* SpeedlTests.m in Sources */ = {isa = PBXBuildFile; fileRef = 7AB3D7041AC35A3900CA94DB /* SpeedlTests.m */; };
		7AB3D7111AC35B7600CA94DB /* SPNetworkObject.m in Sources */ = {isa = PBXBuildFile; fileRef = 7AB3D7101AC35B7600CA94DB /* SPNetworkObject.m */; };
		7AB3D7151AC35BA600CA94DB /* SPNetworkHelper.m in Sources */ = {isa = PBXBuildFile; fileRef = 7AB3D7141AC35BA600CA94DB /* SPNetworkHelper.m */; };
		7AB3D71B1AC35BD000CA94DB /* SPUser.m in Sources */ = {isa = PBXBuildFile; fileRef = 7AB3D7181AC35BD000CA94DB /* SPUser.m */; };
		7AB3D71C1AC35BD000CA94DB /* SPUserBuilder.m in Sources */ = {isa = PBXBuildFile; fileRef = 7AB3D71A1AC35BD000CA94DB /* SPUserBuilder.m */; };
		7AB3D7211AC35C1600CA94DB /* SPSignupViewController.m in Sources */ = {isa = PBXBuildFile; fileRef = 7AB3D71F1AC35C1600CA94DB /* SPSignupViewController.m */; };
		7AB3D7221AC35C1600CA94DB /* SPSignupViewController.xib in Resources */ = {isa = PBXBuildFile; fileRef = 7AB3D7201AC35C1600CA94DB /* SPSignupViewController.xib */; };
		7AB3D7271AC35C4C00CA94DB /* SPComposeViewController.m in Sources */ = {isa = PBXBuildFile; fileRef = 7AB3D7251AC35C4C00CA94DB /* SPComposeViewController.m */; };
		7AB3D7281AC35C4C00CA94DB /* SPComposeViewController.xib in Resources */ = {isa = PBXBuildFile; fileRef = 7AB3D7261AC35C4C00CA94DB /* SPComposeViewController.xib */; };
		7AB3D72D1AC35C7400CA94DB /* SPMessageViewController.m in Sources */ = {isa = PBXBuildFile; fileRef = 7AB3D72B1AC35C7400CA94DB /* SPMessageViewController.m */; };
		7AB3D72E1AC35C7400CA94DB /* SPMessageViewController.xib in Resources */ = {isa = PBXBuildFile; fileRef = 7AB3D72C1AC35C7400CA94DB /* SPMessageViewController.xib */; };
		7AB3D7321AC35C9900CA94DB /* SPMessageLabel.m in Sources */ = {isa = PBXBuildFile; fileRef = 7AB3D7311AC35C9900CA94DB /* SPMessageLabel.m */; };
		7ADCF43C1B0688E3009834D5 /* SPSearchFriendsViewController.m in Sources */ = {isa = PBXBuildFile; fileRef = 7ADCF43A1B0688E3009834D5 /* SPSearchFriendsViewController.m */; };
		7ADCF43D1B0688E3009834D5 /* SPSearchFriendsViewController.xib in Resources */ = {isa = PBXBuildFile; fileRef = 7ADCF43B1B0688E3009834D5 /* SPSearchFriendsViewController.xib */; };
		7ADCF4401B069BEE009834D5 /* UITableView+Custom.m in Sources */ = {isa = PBXBuildFile; fileRef = 7ADCF43F1B069BEE009834D5 /* UITableView+Custom.m */; };
		7ADCF4441B06A265009834D5 /* SPUsersTableDataSource.m in Sources */ = {isa = PBXBuildFile; fileRef = 7ADCF4431B06A265009834D5 /* SPUsersTableDataSource.m */; };
		7ADCF4471B06A537009834D5 /* SPUsersTableDelegate.m in Sources */ = {isa = PBXBuildFile; fileRef = 7ADCF4461B06A537009834D5 /* SPUsersTableDelegate.m */; };
		7AE4D1EB1AE256B9006F6C83 /* SPContainerViewController.xib in Resources */ = {isa = PBXBuildFile; fileRef = 7AE4D1EA1AE256B9006F6C83 /* SPContainerViewController.xib */; };
		7AE4D1EF1AE25E1F006F6C83 /* SPAppearance.m in Sources */ = {isa = PBXBuildFile; fileRef = 7AE4D1EE1AE25E1F006F6C83 /* SPAppearance.m */; };
		7AE4D1F21AE2870E006F6C83 /* UILabel+Custom.m in Sources */ = {isa = PBXBuildFile; fileRef = 7AE4D1F11AE2870E006F6C83 /* UILabel+Custom.m */; };
		7AE4D1F51AE2877D006F6C83 /* UITextField+Custom.m in Sources */ = {isa = PBXBuildFile; fileRef = 7AE4D1F41AE2877D006F6C83 /* UITextField+Custom.m */; };
		7AE4D1F81AE28BD7006F6C83 /* UIButton+Custom.m in Sources */ = {isa = PBXBuildFile; fileRef = 7AE4D1F71AE28BD7006F6C83 /* UIButton+Custom.m */; };
		7AE4D1FB1AE294BE006F6C83 /* UISegmentedControl+Custom.m in Sources */ = {isa = PBXBuildFile; fileRef = 7AE4D1FA1AE294BE006F6C83 /* UISegmentedControl+Custom.m */; };
		7AE4D2001AE2A749006F6C83 /* SPMessageTableViewCell.m in Sources */ = {isa = PBXBuildFile; fileRef = 7AE4D1FE1AE2A749006F6C83 /* SPMessageTableViewCell.m */; };
		7AE4D2011AE2A749006F6C83 /* SPMessageTableViewCell.xib in Resources */ = {isa = PBXBuildFile; fileRef = 7AE4D1FF1AE2A749006F6C83 /* SPMessageTableViewCell.xib */; };
		7AE4D2081AE2AC28006F6C83 /* SPMessageListViewController.m in Sources */ = {isa = PBXBuildFile; fileRef = 7AE4D2061AE2AC28006F6C83 /* SPMessageListViewController.m */; };
		7AE4D2091AE2AC28006F6C83 /* SPMessageListViewController.xib in Resources */ = {isa = PBXBuildFile; fileRef = 7AE4D2071AE2AC28006F6C83 /* SPMessageListViewController.xib */; };
/* End PBXBuildFile section */

/* Begin PBXContainerItemProxy section */
		7AB3D6FF1AC35A3900CA94DB /* PBXContainerItemProxy */ = {
			isa = PBXContainerItemProxy;
			containerPortal = 7AB3D6DD1AC35A3900CA94DB /* Project object */;
			proxyType = 1;
			remoteGlobalIDString = 7AB3D6E41AC35A3900CA94DB;
			remoteInfo = Speedl;
		};
/* End PBXContainerItemProxy section */

/* Begin PBXFileReference section */
		70274CC64F4C569AB150CCD5 /* libPods.a */ = {isa = PBXFileReference; explicitFileType = archive.ar; includeInIndex = 0; path = libPods.a; sourceTree = BUILT_PRODUCTS_DIR; };
		7A263CF91AC89B3900D69F60 /* SPLoginRouter.h */ = {isa = PBXFileReference; fileEncoding = 4; lastKnownFileType = sourcecode.c.h; path = SPLoginRouter.h; sourceTree = "<group>"; };
		7A263CFA1AC89B3900D69F60 /* SPLoginRouter.m */ = {isa = PBXFileReference; fileEncoding = 4; lastKnownFileType = sourcecode.c.objc; path = SPLoginRouter.m; sourceTree = "<group>"; };
		7A263D001AC89FEA00D69F60 /* SPContainerViewController.h */ = {isa = PBXFileReference; fileEncoding = 4; lastKnownFileType = sourcecode.c.h; path = SPContainerViewController.h; sourceTree = "<group>"; };
		7A263D011AC89FEA00D69F60 /* SPContainerViewController.m */ = {isa = PBXFileReference; fileEncoding = 4; lastKnownFileType = sourcecode.c.objc; path = SPContainerViewController.m; sourceTree = "<group>"; };
		7A263D111AD1486B00D69F60 /* SPMessage.h */ = {isa = PBXFileReference; fileEncoding = 4; lastKnownFileType = sourcecode.c.h; path = SPMessage.h; sourceTree = "<group>"; };
		7A263D121AD1486B00D69F60 /* SPMessage.m */ = {isa = PBXFileReference; fileEncoding = 4; lastKnownFileType = sourcecode.c.objc; path = SPMessage.m; sourceTree = "<group>"; };
		7A263D141AD1EF1900D69F60 /* SPMessageBuilder.h */ = {isa = PBXFileReference; fileEncoding = 4; lastKnownFileType = sourcecode.c.h; path = SPMessageBuilder.h; sourceTree = "<group>"; };
		7A263D151AD1EF1900D69F60 /* SPMessageBuilder.m */ = {isa = PBXFileReference; fileEncoding = 4; lastKnownFileType = sourcecode.c.objc; path = SPMessageBuilder.m; sourceTree = "<group>"; };
		7A263D171AD5BEB500D69F60 /* SPContainedViewController.h */ = {isa = PBXFileReference; fileEncoding = 4; lastKnownFileType = sourcecode.c.h; path = SPContainedViewController.h; sourceTree = "<group>"; };
		7A263D181AD5BEB500D69F60 /* SPContainedViewController.m */ = {isa = PBXFileReference; fileEncoding = 4; lastKnownFileType = sourcecode.c.objc; path = SPContainedViewController.m; sourceTree = "<group>"; };
		7A263D1B1AD5C10300D69F60 /* SPFriendsViewController.h */ = {isa = PBXFileReference; fileEncoding = 4; lastKnownFileType = sourcecode.c.h; path = SPFriendsViewController.h; sourceTree = "<group>"; };
		7A263D1C1AD5C10300D69F60 /* SPFriendsViewController.m */ = {isa = PBXFileReference; fileEncoding = 4; lastKnownFileType = sourcecode.c.objc; path = SPFriendsViewController.m; sourceTree = "<group>"; };
		7A263D1D1AD5C10300D69F60 /* SPFriendsViewController.xib */ = {isa = PBXFileReference; fileEncoding = 4; lastKnownFileType = file.xib; path = SPFriendsViewController.xib; sourceTree = "<group>"; };
		7A45F8A31B011DC5009BDA95 /* SPNotification.h */ = {isa = PBXFileReference; fileEncoding = 4; lastKnownFileType = sourcecode.c.h; path = SPNotification.h; sourceTree = "<group>"; };
		7A45F8A41B011DC5009BDA95 /* SPNotification.m */ = {isa = PBXFileReference; fileEncoding = 4; lastKnownFileType = sourcecode.c.objc; path = SPNotification.m; sourceTree = "<group>"; };
		7A49B9821AE406CA0085D3C6 /* UITextView+Custom.h */ = {isa = PBXFileReference; fileEncoding = 4; lastKnownFileType = sourcecode.c.h; path = "UITextView+Custom.h"; sourceTree = "<group>"; };
		7A49B9831AE406CA0085D3C6 /* UITextView+Custom.m */ = {isa = PBXFileReference; fileEncoding = 4; lastKnownFileType = sourcecode.c.objc; path = "UITextView+Custom.m"; sourceTree = "<group>"; };
		7A49B9871AE417830085D3C6 /* SPFriendTableViewCell.h */ = {isa = PBXFileReference; fileEncoding = 4; lastKnownFileType = sourcecode.c.h; path = SPFriendTableViewCell.h; sourceTree = "<group>"; };
		7A49B9881AE417830085D3C6 /* SPFriendTableViewCell.m */ = {isa = PBXFileReference; fileEncoding = 4; lastKnownFileType = sourcecode.c.objc; path = SPFriendTableViewCell.m; sourceTree = "<group>"; };
		7A49B9891AE417830085D3C6 /* SPFriendTableViewCell.xib */ = {isa = PBXFileReference; fileEncoding = 4; lastKnownFileType = file.xib; path = SPFriendTableViewCell.xib; sourceTree = "<group>"; };
		7A49B98D1AE836350085D3C6 /* SPCustomTwoTabView.h */ = {isa = PBXFileReference; fileEncoding = 4; lastKnownFileType = sourcecode.c.h; path = SPCustomTwoTabView.h; sourceTree = "<group>"; };
		7A49B98E1AE836350085D3C6 /* SPCustomTwoTabView.m */ = {isa = PBXFileReference; fileEncoding = 4; lastKnownFileType = sourcecode.c.objc; path = SPCustomTwoTabView.m; sourceTree = "<group>"; };
		7A625F501B053A1A0092F412 /* SPFriendsTableViewController.h */ = {isa = PBXFileReference; fileEncoding = 4; lastKnownFileType = sourcecode.c.h; path = SPFriendsTableViewController.h; sourceTree = "<group>"; };
		7A625F511B053A1A0092F412 /* SPFriendsTableViewController.m */ = {isa = PBXFileReference; fileEncoding = 4; lastKnownFileType = sourcecode.c.objc; path = SPFriendsTableViewController.m; sourceTree = "<group>"; };
		7A625F541B0545EC0092F412 /* SPAutoLayout.h */ = {isa = PBXFileReference; fileEncoding = 4; lastKnownFileType = sourcecode.c.h; path = SPAutoLayout.h; sourceTree = "<group>"; };
		7A625F551B0545ED0092F412 /* SPAutoLayout.m */ = {isa = PBXFileReference; fileEncoding = 4; lastKnownFileType = sourcecode.c.objc; path = SPAutoLayout.m; sourceTree = "<group>"; };
		7AB3D6E51AC35A3900CA94DB /* Speedl.app */ = {isa = PBXFileReference; explicitFileType = wrapper.application; includeInIndex = 0; path = Speedl.app; sourceTree = BUILT_PRODUCTS_DIR; };
		7AB3D6E91AC35A3900CA94DB /* Info.plist */ = {isa = PBXFileReference; lastKnownFileType = text.plist.xml; path = Info.plist; sourceTree = "<group>"; };
		7AB3D6EA1AC35A3900CA94DB /* main.m */ = {isa = PBXFileReference; lastKnownFileType = sourcecode.c.objc; path = main.m; sourceTree = "<group>"; };
		7AB3D6EC1AC35A3900CA94DB /* SPAppDelegate.h */ = {isa = PBXFileReference; lastKnownFileType = sourcecode.c.h; path = SPAppDelegate.h; sourceTree = "<group>"; };
		7AB3D6ED1AC35A3900CA94DB /* SPAppDelegate.m */ = {isa = PBXFileReference; lastKnownFileType = sourcecode.c.objc; path = SPAppDelegate.m; sourceTree = "<group>"; };
		7AB3D6F51AC35A3900CA94DB /* Images.xcassets */ = {isa = PBXFileReference; lastKnownFileType = folder.assetcatalog; path = Images.xcassets; sourceTree = "<group>"; };
		7AB3D6F81AC35A3900CA94DB /* Base */ = {isa = PBXFileReference; lastKnownFileType = file.xib; name = Base; path = Base.lproj/LaunchScreen.xib; sourceTree = "<group>"; };
		7AB3D6FE1AC35A3900CA94DB /* SpeedlTests.xctest */ = {isa = PBXFileReference; explicitFileType = wrapper.cfbundle; includeInIndex = 0; path = SpeedlTests.xctest; sourceTree = BUILT_PRODUCTS_DIR; };
		7AB3D7031AC35A3900CA94DB /* Info.plist */ = {isa = PBXFileReference; lastKnownFileType = text.plist.xml; path = Info.plist; sourceTree = "<group>"; };
		7AB3D7041AC35A3900CA94DB /* SpeedlTests.m */ = {isa = PBXFileReference; lastKnownFileType = sourcecode.c.objc; path = SpeedlTests.m; sourceTree = "<group>"; };
		7AB3D70F1AC35B7600CA94DB /* SPNetworkObject.h */ = {isa = PBXFileReference; fileEncoding = 4; lastKnownFileType = sourcecode.c.h; path = SPNetworkObject.h; sourceTree = "<group>"; };
		7AB3D7101AC35B7600CA94DB /* SPNetworkObject.m */ = {isa = PBXFileReference; fileEncoding = 4; lastKnownFileType = sourcecode.c.objc; path = SPNetworkObject.m; sourceTree = "<group>"; };
		7AB3D7131AC35BA600CA94DB /* SPNetworkHelper.h */ = {isa = PBXFileReference; fileEncoding = 4; lastKnownFileType = sourcecode.c.h; path = SPNetworkHelper.h; sourceTree = "<group>"; };
		7AB3D7141AC35BA600CA94DB /* SPNetworkHelper.m */ = {isa = PBXFileReference; fileEncoding = 4; lastKnownFileType = sourcecode.c.objc; path = SPNetworkHelper.m; sourceTree = "<group>"; };
		7AB3D7171AC35BD000CA94DB /* SPUser.h */ = {isa = PBXFileReference; fileEncoding = 4; lastKnownFileType = sourcecode.c.h; path = SPUser.h; sourceTree = "<group>"; };
		7AB3D7181AC35BD000CA94DB /* SPUser.m */ = {isa = PBXFileReference; fileEncoding = 4; lastKnownFileType = sourcecode.c.objc; path = SPUser.m; sourceTree = "<group>"; };
		7AB3D7191AC35BD000CA94DB /* SPUserBuilder.h */ = {isa = PBXFileReference; fileEncoding = 4; lastKnownFileType = sourcecode.c.h; path = SPUserBuilder.h; sourceTree = "<group>"; };
		7AB3D71A1AC35BD000CA94DB /* SPUserBuilder.m */ = {isa = PBXFileReference; fileEncoding = 4; lastKnownFileType = sourcecode.c.objc; path = SPUserBuilder.m; sourceTree = "<group>"; };
		7AB3D71E1AC35C1600CA94DB /* SPSignupViewController.h */ = {isa = PBXFileReference; fileEncoding = 4; lastKnownFileType = sourcecode.c.h; path = SPSignupViewController.h; sourceTree = "<group>"; };
		7AB3D71F1AC35C1600CA94DB /* SPSignupViewController.m */ = {isa = PBXFileReference; fileEncoding = 4; lastKnownFileType = sourcecode.c.objc; path = SPSignupViewController.m; sourceTree = "<group>"; };
		7AB3D7201AC35C1600CA94DB /* SPSignupViewController.xib */ = {isa = PBXFileReference; fileEncoding = 4; lastKnownFileType = file.xib; path = SPSignupViewController.xib; sourceTree = "<group>"; };
		7AB3D7241AC35C4C00CA94DB /* SPComposeViewController.h */ = {isa = PBXFileReference; fileEncoding = 4; lastKnownFileType = sourcecode.c.h; path = SPComposeViewController.h; sourceTree = "<group>"; };
		7AB3D7251AC35C4C00CA94DB /* SPComposeViewController.m */ = {isa = PBXFileReference; fileEncoding = 4; lastKnownFileType = sourcecode.c.objc; path = SPComposeViewController.m; sourceTree = "<group>"; };
		7AB3D7261AC35C4C00CA94DB /* SPComposeViewController.xib */ = {isa = PBXFileReference; fileEncoding = 4; lastKnownFileType = file.xib; path = SPComposeViewController.xib; sourceTree = "<group>"; };
		7AB3D72A1AC35C7400CA94DB /* SPMessageViewController.h */ = {isa = PBXFileReference; fileEncoding = 4; lastKnownFileType = sourcecode.c.h; path = SPMessageViewController.h; sourceTree = "<group>"; };
		7AB3D72B1AC35C7400CA94DB /* SPMessageViewController.m */ = {isa = PBXFileReference; fileEncoding = 4; lastKnownFileType = sourcecode.c.objc; path = SPMessageViewController.m; sourceTree = "<group>"; };
		7AB3D72C1AC35C7400CA94DB /* SPMessageViewController.xib */ = {isa = PBXFileReference; fileEncoding = 4; lastKnownFileType = file.xib; path = SPMessageViewController.xib; sourceTree = "<group>"; };
		7AB3D7301AC35C9900CA94DB /* SPMessageLabel.h */ = {isa = PBXFileReference; fileEncoding = 4; lastKnownFileType = sourcecode.c.h; path = SPMessageLabel.h; sourceTree = "<group>"; };
		7AB3D7311AC35C9900CA94DB /* SPMessageLabel.m */ = {isa = PBXFileReference; fileEncoding = 4; lastKnownFileType = sourcecode.c.objc; path = SPMessageLabel.m; sourceTree = "<group>"; };
		7AB3D7331AC35CC900CA94DB /* Speedl-Prefix.pch */ = {isa = PBXFileReference; fileEncoding = 4; lastKnownFileType = sourcecode.c.h; path = "Speedl-Prefix.pch"; sourceTree = "<group>"; };
		7ADCF4391B0688E3009834D5 /* SPSearchFriendsViewController.h */ = {isa = PBXFileReference; fileEncoding = 4; lastKnownFileType = sourcecode.c.h; path = SPSearchFriendsViewController.h; sourceTree = "<group>"; };
		7ADCF43A1B0688E3009834D5 /* SPSearchFriendsViewController.m */ = {isa = PBXFileReference; fileEncoding = 4; lastKnownFileType = sourcecode.c.objc; path = SPSearchFriendsViewController.m; sourceTree = "<group>"; };
		7ADCF43B1B0688E3009834D5 /* SPSearchFriendsViewController.xib */ = {isa = PBXFileReference; fileEncoding = 4; lastKnownFileType = file.xib; path = SPSearchFriendsViewController.xib; sourceTree = "<group>"; };
		7ADCF43E1B069BEE009834D5 /* UITableView+Custom.h */ = {isa = PBXFileReference; fileEncoding = 4; lastKnownFileType = sourcecode.c.h; path = "UITableView+Custom.h"; sourceTree = "<group>"; };
		7ADCF43F1B069BEE009834D5 /* UITableView+Custom.m */ = {isa = PBXFileReference; fileEncoding = 4; lastKnownFileType = sourcecode.c.objc; path = "UITableView+Custom.m"; sourceTree = "<group>"; };
		7ADCF4421B06A265009834D5 /* SPUsersTableDataSource.h */ = {isa = PBXFileReference; fileEncoding = 4; lastKnownFileType = sourcecode.c.h; path = SPUsersTableDataSource.h; sourceTree = "<group>"; };
		7ADCF4431B06A265009834D5 /* SPUsersTableDataSource.m */ = {isa = PBXFileReference; fileEncoding = 4; lastKnownFileType = sourcecode.c.objc; path = SPUsersTableDataSource.m; sourceTree = "<group>"; };
		7ADCF4451B06A537009834D5 /* SPUsersTableDelegate.h */ = {isa = PBXFileReference; fileEncoding = 4; lastKnownFileType = sourcecode.c.h; path = SPUsersTableDelegate.h; sourceTree = "<group>"; };
		7ADCF4461B06A537009834D5 /* SPUsersTableDelegate.m */ = {isa = PBXFileReference; fileEncoding = 4; lastKnownFileType = sourcecode.c.objc; path = SPUsersTableDelegate.m; sourceTree = "<group>"; };
		7AE4D1EA1AE256B9006F6C83 /* SPContainerViewController.xib */ = {isa = PBXFileReference; fileEncoding = 4; lastKnownFileType = file.xib; path = SPContainerViewController.xib; sourceTree = "<group>"; };
		7AE4D1ED1AE25E1F006F6C83 /* SPAppearance.h */ = {isa = PBXFileReference; fileEncoding = 4; lastKnownFileType = sourcecode.c.h; path = SPAppearance.h; sourceTree = "<group>"; };
		7AE4D1EE1AE25E1F006F6C83 /* SPAppearance.m */ = {isa = PBXFileReference; fileEncoding = 4; lastKnownFileType = sourcecode.c.objc; path = SPAppearance.m; sourceTree = "<group>"; };
		7AE4D1F01AE2870E006F6C83 /* UILabel+Custom.h */ = {isa = PBXFileReference; fileEncoding = 4; lastKnownFileType = sourcecode.c.h; path = "UILabel+Custom.h"; sourceTree = "<group>"; };
		7AE4D1F11AE2870E006F6C83 /* UILabel+Custom.m */ = {isa = PBXFileReference; fileEncoding = 4; lastKnownFileType = sourcecode.c.objc; path = "UILabel+Custom.m"; sourceTree = "<group>"; };
		7AE4D1F31AE2877D006F6C83 /* UITextField+Custom.h */ = {isa = PBXFileReference; fileEncoding = 4; lastKnownFileType = sourcecode.c.h; path = "UITextField+Custom.h"; sourceTree = "<group>"; };
		7AE4D1F41AE2877D006F6C83 /* UITextField+Custom.m */ = {isa = PBXFileReference; fileEncoding = 4; lastKnownFileType = sourcecode.c.objc; path = "UITextField+Custom.m"; sourceTree = "<group>"; };
		7AE4D1F61AE28BD7006F6C83 /* UIButton+Custom.h */ = {isa = PBXFileReference; fileEncoding = 4; lastKnownFileType = sourcecode.c.h; path = "UIButton+Custom.h"; sourceTree = "<group>"; };
		7AE4D1F71AE28BD7006F6C83 /* UIButton+Custom.m */ = {isa = PBXFileReference; fileEncoding = 4; lastKnownFileType = sourcecode.c.objc; path = "UIButton+Custom.m"; sourceTree = "<group>"; };
		7AE4D1F91AE294BE006F6C83 /* UISegmentedControl+Custom.h */ = {isa = PBXFileReference; fileEncoding = 4; lastKnownFileType = sourcecode.c.h; path = "UISegmentedControl+Custom.h"; sourceTree = "<group>"; };
		7AE4D1FA1AE294BE006F6C83 /* UISegmentedControl+Custom.m */ = {isa = PBXFileReference; fileEncoding = 4; lastKnownFileType = sourcecode.c.objc; path = "UISegmentedControl+Custom.m"; sourceTree = "<group>"; };
		7AE4D1FD1AE2A749006F6C83 /* SPMessageTableViewCell.h */ = {isa = PBXFileReference; fileEncoding = 4; lastKnownFileType = sourcecode.c.h; path = SPMessageTableViewCell.h; sourceTree = "<group>"; };
		7AE4D1FE1AE2A749006F6C83 /* SPMessageTableViewCell.m */ = {isa = PBXFileReference; fileEncoding = 4; lastKnownFileType = sourcecode.c.objc; path = SPMessageTableViewCell.m; sourceTree = "<group>"; };
		7AE4D1FF1AE2A749006F6C83 /* SPMessageTableViewCell.xib */ = {isa = PBXFileReference; fileEncoding = 4; lastKnownFileType = file.xib; path = SPMessageTableViewCell.xib; sourceTree = "<group>"; };
		7AE4D2051AE2AC28006F6C83 /* SPMessageListViewController.h */ = {isa = PBXFileReference; fileEncoding = 4; lastKnownFileType = sourcecode.c.h; path = SPMessageListViewController.h; sourceTree = "<group>"; };
		7AE4D2061AE2AC28006F6C83 /* SPMessageListViewController.m */ = {isa = PBXFileReference; fileEncoding = 4; lastKnownFileType = sourcecode.c.objc; path = SPMessageListViewController.m; sourceTree = "<group>"; };
		7AE4D2071AE2AC28006F6C83 /* SPMessageListViewController.xib */ = {isa = PBXFileReference; fileEncoding = 4; lastKnownFileType = file.xib; path = SPMessageListViewController.xib; sourceTree = "<group>"; };
		816A64983FABAE9275CD7EB1 /* Pods.debug.xcconfig */ = {isa = PBXFileReference; includeInIndex = 1; lastKnownFileType = text.xcconfig; name = Pods.debug.xcconfig; path = "Pods/Target Support Files/Pods/Pods.debug.xcconfig"; sourceTree = "<group>"; };
		F9555CB790B98F993F9EC59E /* Pods.release.xcconfig */ = {isa = PBXFileReference; includeInIndex = 1; lastKnownFileType = text.xcconfig; name = Pods.release.xcconfig; path = "Pods/Target Support Files/Pods/Pods.release.xcconfig"; sourceTree = "<group>"; };
/* End PBXFileReference section */

/* Begin PBXFrameworksBuildPhase section */
		7AB3D6E21AC35A3900CA94DB /* Frameworks */ = {
			isa = PBXFrameworksBuildPhase;
			buildActionMask = 2147483647;
			files = (
				29D78CCBC7A0BCCC574CD5F3 /* libPods.a in Frameworks */,
			);
			runOnlyForDeploymentPostprocessing = 0;
		};
		7AB3D6FB1AC35A3900CA94DB /* Frameworks */ = {
			isa = PBXFrameworksBuildPhase;
			buildActionMask = 2147483647;
			files = (
			);
			runOnlyForDeploymentPostprocessing = 0;
		};
/* End PBXFrameworksBuildPhase section */

/* Begin PBXGroup section */
		7A263CFC1AC89B3E00D69F60 /* LoginRouter */ = {
			isa = PBXGroup;
			children = (
				7A263CF91AC89B3900D69F60 /* SPLoginRouter.h */,
				7A263CFA1AC89B3900D69F60 /* SPLoginRouter.m */,
			);
			name = LoginRouter;
			sourceTree = "<group>";
		};
		7A263CFD1AC89B4C00D69F60 /* Helpers */ = {
			isa = PBXGroup;
			children = (
				7A625F571B0546040092F412 /* SPAutoLayout */,
				7A45F8A21B011D93009BDA95 /* SPNotification */,
				7AE4D1EC1AE25DD8006F6C83 /* SPAppearance */,
				7AB3D72F1AC35C8300CA94DB /* SPMessageLabel */,
				7A263CFC1AC89B3E00D69F60 /* LoginRouter */,
				7AB3D70E1AC35B5B00CA94DB /* NetworkingHelper */,
			);
			name = Helpers;
			sourceTree = "<group>";
		};
		7A263CFE1AC89F0300D69F60 /* MainViewControllers */ = {
			isa = PBXGroup;
			children = (
				7AE4D1FC1AE2A70D006F6C83 /* SPMessageList */,
				7A263D211AD5D5E500D69F60 /* HelpersForViewControllers */,
				7AB3D7231AC35C2F00CA94DB /* SPComposeViewController */,
				7A49B9851AE417400085D3C6 /* SPFriendsList */,
			);
			name = MainViewControllers;
			sourceTree = "<group>";
		};
		7A263CFF1AC89F9400D69F60 /* SPContainerViewController */ = {
			isa = PBXGroup;
			children = (
				7A263D001AC89FEA00D69F60 /* SPContainerViewController.h */,
				7A263D011AC89FEA00D69F60 /* SPContainerViewController.m */,
				7AE4D1EA1AE256B9006F6C83 /* SPContainerViewController.xib */,
			);
			name = SPContainerViewController;
			sourceTree = "<group>";
		};
		7A263D101AD1484000D69F60 /* Message */ = {
			isa = PBXGroup;
			children = (
				7A263D111AD1486B00D69F60 /* SPMessage.h */,
				7A263D121AD1486B00D69F60 /* SPMessage.m */,
				7A263D141AD1EF1900D69F60 /* SPMessageBuilder.h */,
				7A263D151AD1EF1900D69F60 /* SPMessageBuilder.m */,
			);
			name = Message;
			sourceTree = "<group>";
		};
		7A263D1A1AD5BEDE00D69F60 /* SPContainedViewController */ = {
			isa = PBXGroup;
			children = (
				7A263D171AD5BEB500D69F60 /* SPContainedViewController.h */,
				7A263D181AD5BEB500D69F60 /* SPContainedViewController.m */,
			);
			name = SPContainedViewController;
			sourceTree = "<group>";
		};
		7A263D201AD5C10A00D69F60 /* SPFriendsViewController */ = {
			isa = PBXGroup;
			children = (
				7A263D1B1AD5C10300D69F60 /* SPFriendsViewController.h */,
				7A263D1C1AD5C10300D69F60 /* SPFriendsViewController.m */,
				7A263D1D1AD5C10300D69F60 /* SPFriendsViewController.xib */,
			);
			name = SPFriendsViewController;
			sourceTree = "<group>";
		};
		7A263D211AD5D5E500D69F60 /* HelpersForViewControllers */ = {
			isa = PBXGroup;
			children = (
				7A263D1A1AD5BEDE00D69F60 /* SPContainedViewController */,
				7A263CFF1AC89F9400D69F60 /* SPContainerViewController */,
			);
			name = HelpersForViewControllers;
			sourceTree = "<group>";
		};
		7A45F8A21B011D93009BDA95 /* SPNotification */ = {
			isa = PBXGroup;
			children = (
				7A45F8A31B011DC5009BDA95 /* SPNotification.h */,
				7A45F8A41B011DC5009BDA95 /* SPNotification.m */,
			);
			name = SPNotification;
			sourceTree = "<group>";
		};
		7A49B9851AE417400085D3C6 /* SPFriendsList */ = {
			isa = PBXGroup;
			children = (
				7ADCF4411B06A236009834D5 /* DataSource+Delegate */,
				7ADCF4381B0688AA009834D5 /* SPSearchFriendsViewController */,
				7A625F531B053A210092F412 /* SPFollowersTableViewController */,
				7A49B9861AE417540085D3C6 /* SPFriendTableViewCell */,
				7A263D201AD5C10A00D69F60 /* SPFriendsViewController */,
			);
			name = SPFriendsList;
			sourceTree = "<group>";
		};
		7A49B9861AE417540085D3C6 /* SPFriendTableViewCell */ = {
			isa = PBXGroup;
			children = (
				7A49B9871AE417830085D3C6 /* SPFriendTableViewCell.h */,
				7A49B9881AE417830085D3C6 /* SPFriendTableViewCell.m */,
				7A49B9891AE417830085D3C6 /* SPFriendTableViewCell.xib */,
			);
			name = SPFriendTableViewCell;
			sourceTree = "<group>";
		};
		7A49B98C1AE835F90085D3C6 /* SPCustomTwoTabView */ = {
			isa = PBXGroup;
			children = (
				7A49B98D1AE836350085D3C6 /* SPCustomTwoTabView.h */,
				7A49B98E1AE836350085D3C6 /* SPCustomTwoTabView.m */,
			);
			name = SPCustomTwoTabView;
			sourceTree = "<group>";
		};
		7A625F531B053A210092F412 /* SPFollowersTableViewController */ = {
			isa = PBXGroup;
			children = (
				7A625F501B053A1A0092F412 /* SPFriendsTableViewController.h */,
				7A625F511B053A1A0092F412 /* SPFriendsTableViewController.m */,
			);
			name = SPFollowersTableViewController;
			sourceTree = "<group>";
		};
		7A625F571B0546040092F412 /* SPAutoLayout */ = {
			isa = PBXGroup;
			children = (
				7A625F541B0545EC0092F412 /* SPAutoLayout.h */,
				7A625F551B0545ED0092F412 /* SPAutoLayout.m */,
			);
			name = SPAutoLayout;
			sourceTree = "<group>";
		};
		7AB3D6DC1AC35A3900CA94DB = {
			isa = PBXGroup;
			children = (
				7AB3D6E71AC35A3900CA94DB /* Speedl */,
				7AB3D7011AC35A3900CA94DB /* SpeedlTests */,
				7AB3D6E61AC35A3900CA94DB /* Products */,
				9902C6391AA507BE63D7D702 /* Pods */,
				B9562DC0C125E173ACDB9B68 /* Frameworks */,
			);
			sourceTree = "<group>";
		};
		7AB3D6E61AC35A3900CA94DB /* Products */ = {
			isa = PBXGroup;
			children = (
				7AB3D6E51AC35A3900CA94DB /* Speedl.app */,
				7AB3D6FE1AC35A3900CA94DB /* SpeedlTests.xctest */,
			);
			name = Products;
			sourceTree = "<group>";
		};
		7AB3D6E71AC35A3900CA94DB /* Speedl */ = {
			isa = PBXGroup;
			children = (
				7A263CFD1AC89B4C00D69F60 /* Helpers */,
				7AB3D7121AC35B8000CA94DB /* Model */,
				7AB3D71D1AC35BE600CA94DB /* Onboarding */,
				7A263CFE1AC89F0300D69F60 /* MainViewControllers */,
				7AB3D6EC1AC35A3900CA94DB /* SPAppDelegate.h */,
				7AB3D6ED1AC35A3900CA94DB /* SPAppDelegate.m */,
				7AB3D6F51AC35A3900CA94DB /* Images.xcassets */,
				7AB3D6F71AC35A3900CA94DB /* LaunchScreen.xib */,
				7AB3D6E81AC35A3900CA94DB /* Supporting Files */,
			);
			path = Speedl;
			sourceTree = "<group>";
		};
		7AB3D6E81AC35A3900CA94DB /* Supporting Files */ = {
			isa = PBXGroup;
			children = (
				7AB3D7331AC35CC900CA94DB /* Speedl-Prefix.pch */,
				7AB3D6E91AC35A3900CA94DB /* Info.plist */,
				7AB3D6EA1AC35A3900CA94DB /* main.m */,
			);
			name = "Supporting Files";
			sourceTree = "<group>";
		};
		7AB3D7011AC35A3900CA94DB /* SpeedlTests */ = {
			isa = PBXGroup;
			children = (
				7AB3D7041AC35A3900CA94DB /* SpeedlTests.m */,
				7AB3D7021AC35A3900CA94DB /* Supporting Files */,
			);
			path = SpeedlTests;
			sourceTree = "<group>";
		};
		7AB3D7021AC35A3900CA94DB /* Supporting Files */ = {
			isa = PBXGroup;
			children = (
				7AB3D7031AC35A3900CA94DB /* Info.plist */,
			);
			name = "Supporting Files";
			sourceTree = "<group>";
		};
		7AB3D70E1AC35B5B00CA94DB /* NetworkingHelper */ = {
			isa = PBXGroup;
			children = (
				7AB3D7131AC35BA600CA94DB /* SPNetworkHelper.h */,
				7AB3D7141AC35BA600CA94DB /* SPNetworkHelper.m */,
			);
			name = NetworkingHelper;
			sourceTree = "<group>";
		};
		7AB3D7121AC35B8000CA94DB /* Model */ = {
			isa = PBXGroup;
			children = (
				7A263D101AD1484000D69F60 /* Message */,
				7AB3D7161AC35BB800CA94DB /* User */,
				7AB3D70F1AC35B7600CA94DB /* SPNetworkObject.h */,
				7AB3D7101AC35B7600CA94DB /* SPNetworkObject.m */,
			);
			name = Model;
			sourceTree = "<group>";
		};
		7AB3D7161AC35BB800CA94DB /* User */ = {
			isa = PBXGroup;
			children = (
				7AB3D7171AC35BD000CA94DB /* SPUser.h */,
				7AB3D7181AC35BD000CA94DB /* SPUser.m */,
				7AB3D7191AC35BD000CA94DB /* SPUserBuilder.h */,
				7AB3D71A1AC35BD000CA94DB /* SPUserBuilder.m */,
			);
			name = User;
			sourceTree = "<group>";
		};
		7AB3D71D1AC35BE600CA94DB /* Onboarding */ = {
			isa = PBXGroup;
			children = (
				7A49B98C1AE835F90085D3C6 /* SPCustomTwoTabView */,
				7AB3D71E1AC35C1600CA94DB /* SPSignupViewController.h */,
				7AB3D71F1AC35C1600CA94DB /* SPSignupViewController.m */,
				7AB3D7201AC35C1600CA94DB /* SPSignupViewController.xib */,
			);
			name = Onboarding;
			sourceTree = "<group>";
		};
		7AB3D7231AC35C2F00CA94DB /* SPComposeViewController */ = {
			isa = PBXGroup;
			children = (
				7AB3D7241AC35C4C00CA94DB /* SPComposeViewController.h */,
				7AB3D7251AC35C4C00CA94DB /* SPComposeViewController.m */,
				7AB3D7261AC35C4C00CA94DB /* SPComposeViewController.xib */,
			);
			name = SPComposeViewController;
			sourceTree = "<group>";
		};
		7AB3D7291AC35C5700CA94DB /* SPMessageViewController */ = {
			isa = PBXGroup;
			children = (
				7AB3D72A1AC35C7400CA94DB /* SPMessageViewController.h */,
				7AB3D72B1AC35C7400CA94DB /* SPMessageViewController.m */,
				7AB3D72C1AC35C7400CA94DB /* SPMessageViewController.xib */,
			);
			name = SPMessageViewController;
			sourceTree = "<group>";
		};
		7AB3D72F1AC35C8300CA94DB /* SPMessageLabel */ = {
			isa = PBXGroup;
			children = (
				7AB3D7301AC35C9900CA94DB /* SPMessageLabel.h */,
				7AB3D7311AC35C9900CA94DB /* SPMessageLabel.m */,
			);
			name = SPMessageLabel;
			sourceTree = "<group>";
		};
		7ADCF4381B0688AA009834D5 /* SPSearchFriendsViewController */ = {
			isa = PBXGroup;
			children = (
				7ADCF4391B0688E3009834D5 /* SPSearchFriendsViewController.h */,
				7ADCF43A1B0688E3009834D5 /* SPSearchFriendsViewController.m */,
				7ADCF43B1B0688E3009834D5 /* SPSearchFriendsViewController.xib */,
			);
			name = SPSearchFriendsViewController;
			sourceTree = "<group>";
		};
		7ADCF4411B06A236009834D5 /* DataSource+Delegate */ = {
			isa = PBXGroup;
			children = (
				7ADCF4421B06A265009834D5 /* SPUsersTableDataSource.h */,
				7ADCF4431B06A265009834D5 /* SPUsersTableDataSource.m */,
				7ADCF4451B06A537009834D5 /* SPUsersTableDelegate.h */,
				7ADCF4461B06A537009834D5 /* SPUsersTableDelegate.m */,
			);
			name = "DataSource+Delegate";
			sourceTree = "<group>";
		};
		7AE4D1EC1AE25DD8006F6C83 /* SPAppearance */ = {
			isa = PBXGroup;
			children = (
				7AE4D1ED1AE25E1F006F6C83 /* SPAppearance.h */,
				7AE4D1EE1AE25E1F006F6C83 /* SPAppearance.m */,
				7AE4D1F01AE2870E006F6C83 /* UILabel+Custom.h */,
				7AE4D1F11AE2870E006F6C83 /* UILabel+Custom.m */,
				7AE4D1F31AE2877D006F6C83 /* UITextField+Custom.h */,
				7AE4D1F41AE2877D006F6C83 /* UITextField+Custom.m */,
				7AE4D1F61AE28BD7006F6C83 /* UIButton+Custom.h */,
				7AE4D1F71AE28BD7006F6C83 /* UIButton+Custom.m */,
				7AE4D1F91AE294BE006F6C83 /* UISegmentedControl+Custom.h */,
				7AE4D1FA1AE294BE006F6C83 /* UISegmentedControl+Custom.m */,
				7A49B9821AE406CA0085D3C6 /* UITextView+Custom.h */,
				7A49B9831AE406CA0085D3C6 /* UITextView+Custom.m */,
				7ADCF43E1B069BEE009834D5 /* UITableView+Custom.h */,
				7ADCF43F1B069BEE009834D5 /* UITableView+Custom.m */,
			);
			name = SPAppearance;
			sourceTree = "<group>";
		};
		7AE4D1FC1AE2A70D006F6C83 /* SPMessageList */ = {
			isa = PBXGroup;
			children = (
				7AE4D2041AE2AC04006F6C83 /* SPMessageListViewController */,
				7AE4D2021AE2A74D006F6C83 /* SPMessageTableViewCell */,
				7AB3D7291AC35C5700CA94DB /* SPMessageViewController */,
			);
			name = SPMessageList;
			sourceTree = "<group>";
		};
		7AE4D2021AE2A74D006F6C83 /* SPMessageTableViewCell */ = {
			isa = PBXGroup;
			children = (
				7AE4D1FD1AE2A749006F6C83 /* SPMessageTableViewCell.h */,
				7AE4D1FE1AE2A749006F6C83 /* SPMessageTableViewCell.m */,
				7AE4D1FF1AE2A749006F6C83 /* SPMessageTableViewCell.xib */,
			);
			name = SPMessageTableViewCell;
			sourceTree = "<group>";
		};
		7AE4D2041AE2AC04006F6C83 /* SPMessageListViewController */ = {
			isa = PBXGroup;
			children = (
				7AE4D2051AE2AC28006F6C83 /* SPMessageListViewController.h */,
				7AE4D2061AE2AC28006F6C83 /* SPMessageListViewController.m */,
				7AE4D2071AE2AC28006F6C83 /* SPMessageListViewController.xib */,
			);
			name = SPMessageListViewController;
			sourceTree = "<group>";
		};
		9902C6391AA507BE63D7D702 /* Pods */ = {
			isa = PBXGroup;
			children = (
				816A64983FABAE9275CD7EB1 /* Pods.debug.xcconfig */,
				F9555CB790B98F993F9EC59E /* Pods.release.xcconfig */,
			);
			name = Pods;
			sourceTree = "<group>";
		};
		B9562DC0C125E173ACDB9B68 /* Frameworks */ = {
			isa = PBXGroup;
			children = (
				70274CC64F4C569AB150CCD5 /* libPods.a */,
			);
			name = Frameworks;
			sourceTree = "<group>";
		};
/* End PBXGroup section */

/* Begin PBXNativeTarget section */
		7AB3D6E41AC35A3900CA94DB /* Speedl */ = {
			isa = PBXNativeTarget;
			buildConfigurationList = 7AB3D7081AC35A3900CA94DB /* Build configuration list for PBXNativeTarget "Speedl" */;
			buildPhases = (
				F366ADAE9EFBDC6FDC0DC809 /* Check Pods Manifest.lock */,
				7AB3D6E11AC35A3900CA94DB /* Sources */,
				7AB3D6E21AC35A3900CA94DB /* Frameworks */,
				7AB3D6E31AC35A3900CA94DB /* Resources */,
				DC793F293ABEDAAAA5E8C5FC /* Copy Pods Resources */,
			);
			buildRules = (
			);
			dependencies = (
			);
			name = Speedl;
			productName = Speedl;
			productReference = 7AB3D6E51AC35A3900CA94DB /* Speedl.app */;
			productType = "com.apple.product-type.application";
		};
		7AB3D6FD1AC35A3900CA94DB /* SpeedlTests */ = {
			isa = PBXNativeTarget;
			buildConfigurationList = 7AB3D70B1AC35A3900CA94DB /* Build configuration list for PBXNativeTarget "SpeedlTests" */;
			buildPhases = (
				7AB3D6FA1AC35A3900CA94DB /* Sources */,
				7AB3D6FB1AC35A3900CA94DB /* Frameworks */,
				7AB3D6FC1AC35A3900CA94DB /* Resources */,
			);
			buildRules = (
			);
			dependencies = (
				7AB3D7001AC35A3900CA94DB /* PBXTargetDependency */,
			);
			name = SpeedlTests;
			productName = SpeedlTests;
			productReference = 7AB3D6FE1AC35A3900CA94DB /* SpeedlTests.xctest */;
			productType = "com.apple.product-type.bundle.unit-test";
		};
/* End PBXNativeTarget section */

/* Begin PBXProject section */
		7AB3D6DD1AC35A3900CA94DB /* Project object */ = {
			isa = PBXProject;
			attributes = {
				LastUpgradeCheck = 0620;
				ORGANIZATIONNAME = Speedl;
				TargetAttributes = {
					7AB3D6E41AC35A3900CA94DB = {
						CreatedOnToolsVersion = 6.2;
					};
					7AB3D6FD1AC35A3900CA94DB = {
						CreatedOnToolsVersion = 6.2;
						TestTargetID = 7AB3D6E41AC35A3900CA94DB;
					};
				};
			};
			buildConfigurationList = 7AB3D6E01AC35A3900CA94DB /* Build configuration list for PBXProject "Speedl" */;
			compatibilityVersion = "Xcode 3.2";
			developmentRegion = English;
			hasScannedForEncodings = 0;
			knownRegions = (
				en,
				Base,
			);
			mainGroup = 7AB3D6DC1AC35A3900CA94DB;
			productRefGroup = 7AB3D6E61AC35A3900CA94DB /* Products */;
			projectDirPath = "";
			projectRoot = "";
			targets = (
				7AB3D6E41AC35A3900CA94DB /* Speedl */,
				7AB3D6FD1AC35A3900CA94DB /* SpeedlTests */,
			);
		};
/* End PBXProject section */

/* Begin PBXResourcesBuildPhase section */
		7AB3D6E31AC35A3900CA94DB /* Resources */ = {
			isa = PBXResourcesBuildPhase;
			buildActionMask = 2147483647;
			files = (
				7AE4D1EB1AE256B9006F6C83 /* SPContainerViewController.xib in Resources */,
				7ADCF43D1B0688E3009834D5 /* SPSearchFriendsViewController.xib in Resources */,
				7AB3D7281AC35C4C00CA94DB /* SPComposeViewController.xib in Resources */,
				7AB3D72E1AC35C7400CA94DB /* SPMessageViewController.xib in Resources */,
				7AB3D6F91AC35A3900CA94DB /* LaunchScreen.xib in Resources */,
				7A49B98B1AE417830085D3C6 /* SPFriendTableViewCell.xib in Resources */,
				7AB3D7221AC35C1600CA94DB /* SPSignupViewController.xib in Resources */,
				7AE4D2091AE2AC28006F6C83 /* SPMessageListViewController.xib in Resources */,
				7AB3D6F61AC35A3900CA94DB /* Images.xcassets in Resources */,
				7AE4D2011AE2A749006F6C83 /* SPMessageTableViewCell.xib in Resources */,
				7A263D1F1AD5C10300D69F60 /* SPFriendsViewController.xib in Resources */,
			);
			runOnlyForDeploymentPostprocessing = 0;
		};
		7AB3D6FC1AC35A3900CA94DB /* Resources */ = {
			isa = PBXResourcesBuildPhase;
			buildActionMask = 2147483647;
			files = (
			);
			runOnlyForDeploymentPostprocessing = 0;
		};
/* End PBXResourcesBuildPhase section */

/* Begin PBXShellScriptBuildPhase section */
		DC793F293ABEDAAAA5E8C5FC /* Copy Pods Resources */ = {
			isa = PBXShellScriptBuildPhase;
			buildActionMask = 2147483647;
			files = (
			);
			inputPaths = (
			);
			name = "Copy Pods Resources";
			outputPaths = (
			);
			runOnlyForDeploymentPostprocessing = 0;
			shellPath = /bin/sh;
			shellScript = "\"${SRCROOT}/Pods/Target Support Files/Pods/Pods-resources.sh\"\n";
			showEnvVarsInLog = 0;
		};
		F366ADAE9EFBDC6FDC0DC809 /* Check Pods Manifest.lock */ = {
			isa = PBXShellScriptBuildPhase;
			buildActionMask = 2147483647;
			files = (
			);
			inputPaths = (
			);
			name = "Check Pods Manifest.lock";
			outputPaths = (
			);
			runOnlyForDeploymentPostprocessing = 0;
			shellPath = /bin/sh;
			shellScript = "diff \"${PODS_ROOT}/../Podfile.lock\" \"${PODS_ROOT}/Manifest.lock\" > /dev/null\nif [[ $? != 0 ]] ; then\n    cat << EOM\nerror: The sandbox is not in sync with the Podfile.lock. Run 'pod install' or update your CocoaPods installation.\nEOM\n    exit 1\nfi\n";
			showEnvVarsInLog = 0;
		};
/* End PBXShellScriptBuildPhase section */

/* Begin PBXSourcesBuildPhase section */
		7AB3D6E11AC35A3900CA94DB /* Sources */ = {
			isa = PBXSourcesBuildPhase;
			buildActionMask = 2147483647;
			files = (
				7AB3D6EE1AC35A3900CA94DB /* SPAppDelegate.m in Sources */,
				7AE4D1F21AE2870E006F6C83 /* UILabel+Custom.m in Sources */,
				7A263D1E1AD5C10300D69F60 /* SPFriendsViewController.m in Sources */,
				7AB3D7151AC35BA600CA94DB /* SPNetworkHelper.m in Sources */,
				7AB3D72D1AC35C7400CA94DB /* SPMessageViewController.m in Sources */,
				7A263D021AC89FEA00D69F60 /* SPContainerViewController.m in Sources */,
				7A49B98A1AE417830085D3C6 /* SPFriendTableViewCell.m in Sources */,
				7AE4D2001AE2A749006F6C83 /* SPMessageTableViewCell.m in Sources */,
				7AB3D7211AC35C1600CA94DB /* SPSignupViewController.m in Sources */,
				7AB3D7111AC35B7600CA94DB /* SPNetworkObject.m in Sources */,
				7AE4D1F81AE28BD7006F6C83 /* UIButton+Custom.m in Sources */,
				7ADCF43C1B0688E3009834D5 /* SPSearchFriendsViewController.m in Sources */,
				7AB3D7271AC35C4C00CA94DB /* SPComposeViewController.m in Sources */,
				7AB3D6EB1AC35A3900CA94DB /* main.m in Sources */,
				7A625F561B0545ED0092F412 /* SPAutoLayout.m in Sources */,
				7AE4D1FB1AE294BE006F6C83 /* UISegmentedControl+Custom.m in Sources */,
				7ADCF4401B069BEE009834D5 /* UITableView+Custom.m in Sources */,
				7ADCF4471B06A537009834D5 /* SPUsersTableDelegate.m in Sources */,
				7AB3D71B1AC35BD000CA94DB /* SPUser.m in Sources */,
				7AE4D1F51AE2877D006F6C83 /* UITextField+Custom.m in Sources */,
				7A625F521B053A1A0092F412 /* SPFriendsTableViewController.m in Sources */,
				7A263CFB1AC89B3900D69F60 /* SPLoginRouter.m in Sources */,
				7A263D161AD1EF1900D69F60 /* SPMessageBuilder.m in Sources */,
				7AE4D2081AE2AC28006F6C83 /* SPMessageListViewController.m in Sources */,
				7A49B9841AE406CA0085D3C6 /* UITextView+Custom.m in Sources */,
				7AB3D71C1AC35BD000CA94DB /* SPUserBuilder.m in Sources */,
				7AE4D1EF1AE25E1F006F6C83 /* SPAppearance.m in Sources */,
				7A263D131AD1486B00D69F60 /* SPMessage.m in Sources */,
				7ADCF4441B06A265009834D5 /* SPUsersTableDataSource.m in Sources */,
				7A45F8A51B011DC5009BDA95 /* SPNotification.m in Sources */,
				7A49B98F1AE836350085D3C6 /* SPCustomTwoTabView.m in Sources */,
				7AB3D7321AC35C9900CA94DB /* SPMessageLabel.m in Sources */,
				7A263D191AD5BEB500D69F60 /* SPContainedViewController.m in Sources */,
			);
			runOnlyForDeploymentPostprocessing = 0;
		};
		7AB3D6FA1AC35A3900CA94DB /* Sources */ = {
			isa = PBXSourcesBuildPhase;
			buildActionMask = 2147483647;
			files = (
				7AB3D7051AC35A3900CA94DB /* SpeedlTests.m in Sources */,
			);
			runOnlyForDeploymentPostprocessing = 0;
		};
/* End PBXSourcesBuildPhase section */

/* Begin PBXTargetDependency section */
		7AB3D7001AC35A3900CA94DB /* PBXTargetDependency */ = {
			isa = PBXTargetDependency;
			target = 7AB3D6E41AC35A3900CA94DB /* Speedl */;
			targetProxy = 7AB3D6FF1AC35A3900CA94DB /* PBXContainerItemProxy */;
		};
/* End PBXTargetDependency section */

/* Begin PBXVariantGroup section */
		7AB3D6F71AC35A3900CA94DB /* LaunchScreen.xib */ = {
			isa = PBXVariantGroup;
			children = (
				7AB3D6F81AC35A3900CA94DB /* Base */,
			);
			name = LaunchScreen.xib;
			sourceTree = "<group>";
		};
/* End PBXVariantGroup section */

/* Begin XCBuildConfiguration section */
		7AB3D7061AC35A3900CA94DB /* Debug */ = {
			isa = XCBuildConfiguration;
			buildSettings = {
				ALWAYS_SEARCH_USER_PATHS = NO;
				CLANG_CXX_LANGUAGE_STANDARD = "gnu++0x";
				CLANG_CXX_LIBRARY = "libc++";
				CLANG_ENABLE_MODULES = YES;
				CLANG_ENABLE_OBJC_ARC = YES;
				CLANG_WARN_BOOL_CONVERSION = YES;
				CLANG_WARN_CONSTANT_CONVERSION = YES;
				CLANG_WARN_DIRECT_OBJC_ISA_USAGE = YES_ERROR;
				CLANG_WARN_EMPTY_BODY = YES;
				CLANG_WARN_ENUM_CONVERSION = YES;
				CLANG_WARN_INT_CONVERSION = YES;
				CLANG_WARN_OBJC_ROOT_CLASS = YES_ERROR;
				CLANG_WARN_UNREACHABLE_CODE = YES;
				CLANG_WARN__DUPLICATE_METHOD_MATCH = YES;
				"CODE_SIGN_IDENTITY[sdk=iphoneos*]" = "iPhone Developer";
				COPY_PHASE_STRIP = NO;
				ENABLE_STRICT_OBJC_MSGSEND = YES;
				GCC_C_LANGUAGE_STANDARD = gnu99;
				GCC_DYNAMIC_NO_PIC = NO;
				GCC_OPTIMIZATION_LEVEL = 0;
				GCC_PREPROCESSOR_DEFINITIONS = (
					"DEBUG=1",
					"$(inherited)",
				);
				GCC_SYMBOLS_PRIVATE_EXTERN = NO;
				GCC_WARN_64_TO_32_BIT_CONVERSION = YES;
				GCC_WARN_ABOUT_RETURN_TYPE = YES_ERROR;
				GCC_WARN_UNDECLARED_SELECTOR = YES;
				GCC_WARN_UNINITIALIZED_AUTOS = YES_AGGRESSIVE;
				GCC_WARN_UNUSED_FUNCTION = YES;
				GCC_WARN_UNUSED_VARIABLE = YES;
				IPHONEOS_DEPLOYMENT_TARGET = 8.2;
				MTL_ENABLE_DEBUG_INFO = YES;
				ONLY_ACTIVE_ARCH = YES;
				SDKROOT = iphoneos;
				TARGETED_DEVICE_FAMILY = "1,2";
			};
			name = Debug;
		};
		7AB3D7071AC35A3900CA94DB /* Release */ = {
			isa = XCBuildConfiguration;
			buildSettings = {
				ALWAYS_SEARCH_USER_PATHS = NO;
				CLANG_CXX_LANGUAGE_STANDARD = "gnu++0x";
				CLANG_CXX_LIBRARY = "libc++";
				CLANG_ENABLE_MODULES = YES;
				CLANG_ENABLE_OBJC_ARC = YES;
				CLANG_WARN_BOOL_CONVERSION = YES;
				CLANG_WARN_CONSTANT_CONVERSION = YES;
				CLANG_WARN_DIRECT_OBJC_ISA_USAGE = YES_ERROR;
				CLANG_WARN_EMPTY_BODY = YES;
				CLANG_WARN_ENUM_CONVERSION = YES;
				CLANG_WARN_INT_CONVERSION = YES;
				CLANG_WARN_OBJC_ROOT_CLASS = YES_ERROR;
				CLANG_WARN_UNREACHABLE_CODE = YES;
				CLANG_WARN__DUPLICATE_METHOD_MATCH = YES;
				"CODE_SIGN_IDENTITY[sdk=iphoneos*]" = "iPhone Developer";
				COPY_PHASE_STRIP = NO;
				ENABLE_NS_ASSERTIONS = NO;
				ENABLE_STRICT_OBJC_MSGSEND = YES;
				GCC_C_LANGUAGE_STANDARD = gnu99;
				GCC_WARN_64_TO_32_BIT_CONVERSION = YES;
				GCC_WARN_ABOUT_RETURN_TYPE = YES_ERROR;
				GCC_WARN_UNDECLARED_SELECTOR = YES;
				GCC_WARN_UNINITIALIZED_AUTOS = YES_AGGRESSIVE;
				GCC_WARN_UNUSED_FUNCTION = YES;
				GCC_WARN_UNUSED_VARIABLE = YES;
				IPHONEOS_DEPLOYMENT_TARGET = 8.2;
				MTL_ENABLE_DEBUG_INFO = NO;
				SDKROOT = iphoneos;
				TARGETED_DEVICE_FAMILY = "1,2";
				VALIDATE_PRODUCT = YES;
			};
			name = Release;
		};
		7AB3D7091AC35A3900CA94DB /* Debug */ = {
			isa = XCBuildConfiguration;
			baseConfigurationReference = 816A64983FABAE9275CD7EB1 /* Pods.debug.xcconfig */;
			buildSettings = {
				ASSETCATALOG_COMPILER_APPICON_NAME = AppIcon;
				GCC_PRECOMPILE_PREFIX_HEADER = NO;
				GCC_PREFIX_HEADER = "Speedl/Speedl-Prefix.pch";
				INFOPLIST_FILE = Speedl/Info.plist;
				IPHONEOS_DEPLOYMENT_TARGET = 7.0;
				LD_RUNPATH_SEARCH_PATHS = "$(inherited) @executable_path/Frameworks";
				PRODUCT_NAME = "$(TARGET_NAME)";
			};
			name = Debug;
		};
		7AB3D70A1AC35A3900CA94DB /* Release */ = {
			isa = XCBuildConfiguration;
			baseConfigurationReference = F9555CB790B98F993F9EC59E /* Pods.release.xcconfig */;
			buildSettings = {
				ASSETCATALOG_COMPILER_APPICON_NAME = AppIcon;
				GCC_PRECOMPILE_PREFIX_HEADER = NO;
				GCC_PREFIX_HEADER = "Speedl/Speedl-Prefix.pch";
				INFOPLIST_FILE = Speedl/Info.plist;
				IPHONEOS_DEPLOYMENT_TARGET = 7.0;
				LD_RUNPATH_SEARCH_PATHS = "$(inherited) @executable_path/Frameworks";
				PRODUCT_NAME = "$(TARGET_NAME)";
			};
			name = Release;
		};
		7AB3D70C1AC35A3900CA94DB /* Debug */ = {
			isa = XCBuildConfiguration;
			buildSettings = {
				BUNDLE_LOADER = "$(TEST_HOST)";
				FRAMEWORK_SEARCH_PATHS = (
					"$(SDKROOT)/Developer/Library/Frameworks",
					"$(inherited)",
				);
				GCC_PREPROCESSOR_DEFINITIONS = (
					"DEBUG=1",
					"$(inherited)",
				);
				INFOPLIST_FILE = SpeedlTests/Info.plist;
				LD_RUNPATH_SEARCH_PATHS = "$(inherited) @executable_path/Frameworks @loader_path/Frameworks";
				PRODUCT_NAME = "$(TARGET_NAME)";
				TEST_HOST = "$(BUILT_PRODUCTS_DIR)/Speedl.app/Speedl";
			};
			name = Debug;
		};
		7AB3D70D1AC35A3900CA94DB /* Release */ = {
			isa = XCBuildConfiguration;
			buildSettings = {
				BUNDLE_LOADER = "$(TEST_HOST)";
				FRAMEWORK_SEARCH_PATHS = (
					"$(SDKROOT)/Developer/Library/Frameworks",
					"$(inherited)",
				);
				INFOPLIST_FILE = SpeedlTests/Info.plist;
				LD_RUNPATH_SEARCH_PATHS = "$(inherited) @executable_path/Frameworks @loader_path/Frameworks";
				PRODUCT_NAME = "$(TARGET_NAME)";
				TEST_HOST = "$(BUILT_PRODUCTS_DIR)/Speedl.app/Speedl";
			};
			name = Release;
		};
/* End XCBuildConfiguration section */

/* Begin XCConfigurationList section */
		7AB3D6E01AC35A3900CA94DB /* Build configuration list for PBXProject "Speedl" */ = {
			isa = XCConfigurationList;
			buildConfigurations = (
				7AB3D7061AC35A3900CA94DB /* Debug */,
				7AB3D7071AC35A3900CA94DB /* Release */,
			);
			defaultConfigurationIsVisible = 0;
			defaultConfigurationName = Release;
		};
		7AB3D7081AC35A3900CA94DB /* Build configuration list for PBXNativeTarget "Speedl" */ = {
			isa = XCConfigurationList;
			buildConfigurations = (
				7AB3D7091AC35A3900CA94DB /* Debug */,
				7AB3D70A1AC35A3900CA94DB /* Release */,
			);
			defaultConfigurationIsVisible = 0;
			defaultConfigurationName = Release;
		};
		7AB3D70B1AC35A3900CA94DB /* Build configuration list for PBXNativeTarget "SpeedlTests" */ = {
			isa = XCConfigurationList;
			buildConfigurations = (
				7AB3D70C1AC35A3900CA94DB /* Debug */,
				7AB3D70D1AC35A3900CA94DB /* Release */,
			);
			defaultConfigurationIsVisible = 0;
			defaultConfigurationName = Release;
		};
/* End XCConfigurationList section */
	};
	rootObject = 7AB3D6DD1AC35A3900CA94DB /* Project object */;
}
