// !$*UTF8*$!
{
	archiveVersion = 1;
	classes = {
	};
	objectVersion = 46;
	objects = {

/* Begin PBXBuildFile section */
		29D78CCBC7A0BCCC574CD5F3 /* libPods.a in Frameworks */ = {isa = PBXBuildFile; fileRef = 70274CC64F4C569AB150CCD5 /* libPods.a */; };
		7A216C221B1267E200F67B0F /* SPFriendsTableViewController.xib in Resources */ = {isa = PBXBuildFile; fileRef = 7A216C211B1267E200F67B0F /* SPFriendsTableViewController.xib */; };
		7A216C291B164DA800F67B0F /* SPSettingsViewController.m in Sources */ = {isa = PBXBuildFile; fileRef = 7A216C271B164DA800F67B0F /* SPSettingsViewController.m */; };
		7A216C2A1B164DA800F67B0F /* SPSettingsViewController.xib in Resources */ = {isa = PBXBuildFile; fileRef = 7A216C281B164DA800F67B0F /* SPSettingsViewController.xib */; };
		7A263CFB1AC89B3900D69F60 /* SPLoginRouter.m in Sources */ = {isa = PBXBuildFile; fileRef = 7A263CFA1AC89B3900D69F60 /* SPLoginRouter.m */; };
		7A263D021AC89FEA00D69F60 /* SPContainerViewController.m in Sources */ = {isa = PBXBuildFile; fileRef = 7A263D011AC89FEA00D69F60 /* SPContainerViewController.m */; };
		7A263D131AD1486B00D69F60 /* SPMessage.m in Sources */ = {isa = PBXBuildFile; fileRef = 7A263D121AD1486B00D69F60 /* SPMessage.m */; };
		7A263D161AD1EF1900D69F60 /* SPMessageBuilder.m in Sources */ = {isa = PBXBuildFile; fileRef = 7A263D151AD1EF1900D69F60 /* SPMessageBuilder.m */; };
		7A263D191AD5BEB500D69F60 /* SPContainedViewController.m in Sources */ = {isa = PBXBuildFile; fileRef = 7A263D181AD5BEB500D69F60 /* SPContainedViewController.m */; };
		7A263D1E1AD5C10300D69F60 /* SPFriendsViewController.m in Sources */ = {isa = PBXBuildFile; fileRef = 7A263D1C1AD5C10300D69F60 /* SPFriendsViewController.m */; };
		7A263D1F1AD5C10300D69F60 /* SPFriendsViewController.xib in Resources */ = {isa = PBXBuildFile; fileRef = 7A263D1D1AD5C10300D69F60 /* SPFriendsViewController.xib */; };
		7A45F8A51B011DC5009BDA95 /* SPNotification.m in Sources */ = {isa = PBXBuildFile; fileRef = 7A45F8A41B011DC5009BDA95 /* SPNotification.m */; };
		7A49B9841AE406CA0085D3C6 /* UITextView+Custom.m in Sources */ = {isa = PBXBuildFile; fileRef = 7A49B9831AE406CA0085D3C6 /* UITextView+Custom.m */; };
		7A49B98A1AE417830085D3C6 /* SPFriendTableViewCell.m in Sources */ = {isa = PBXBuildFile; fileRef = 7A49B9881AE417830085D3C6 /* SPFriendTableViewCell.m */; };
		7A49B98B1AE417830085D3C6 /* SPFriendTableViewCell.xib in Resources */ = {isa = PBXBuildFile; fileRef = 7A49B9891AE417830085D3C6 /* SPFriendTableViewCell.xib */; };
		7A49B98F1AE836350085D3C6 /* SPCustomTwoTabView.m in Sources */ = {isa = PBXBuildFile; fileRef = 7A49B98E1AE836350085D3C6 /* SPCustomTwoTabView.m */; };
		7A625F521B053A1A0092F412 /* SPFriendsTableViewController.m in Sources */ = {isa = PBXBuildFile; fileRef = 7A625F511B053A1A0092F412 /* SPFriendsTableViewController.m */; };
		7A625F561B0545ED0092F412 /* SPAutoLayout.m in Sources */ = {isa = PBXBuildFile; fileRef = 7A625F551B0545ED0092F412 /* SPAutoLayout.m */; };
		7AB3D6EB1AC35A3900CA94DB /* main.m in Sources */ = {isa = PBXBuildFile; fileRef = 7AB3D6EA1AC35A3900CA94DB /* main.m */; };
		7AB3D6EE1AC35A3900CA94DB /* SPAppDelegate.m in Sources */ = {isa = PBXBuildFile; fileRef = 7AB3D6ED1AC35A3900CA94DB /* SPAppDelegate.m */; };
		7AB3D6F61AC35A3900CA94DB /* Images.xcassets in Resources */ = {isa = PBXBuildFile; fileRef = 7AB3D6F51AC35A3900CA94DB /* Images.xcassets */; };
		7AB3D6F91AC35A3900CA94DB /* LaunchScreen.xib in Resources */ = {isa = PBXBuildFile; fileRef = 7AB3D6F71AC35A3900CA94DB /* LaunchScreen.xib */; };
		7AB3D7111AC35B7600CA94DB /* SPNetworkObject.m in Sources */ = {isa = PBXBuildFile; fileRef = 7AB3D7101AC35B7600CA94DB /* SPNetworkObject.m */; };
		7AB3D7151AC35BA600CA94DB /* SPNetworkHelper.m in Sources */ = {isa = PBXBuildFile; fileRef = 7AB3D7141AC35BA600CA94DB /* SPNetworkHelper.m */; };
		7AB3D71B1AC35BD000CA94DB /* SPUser.m in Sources */ = {isa = PBXBuildFile; fileRef = 7AB3D7181AC35BD000CA94DB /* SPUser.m */; };
		7AB3D71C1AC35BD000CA94DB /* SPUserBuilder.m in Sources */ = {isa = PBXBuildFile; fileRef = 7AB3D71A1AC35BD000CA94DB /* SPUserBuilder.m */; };
		7AB3D7211AC35C1600CA94DB /* SPSignupViewController.m in Sources */ = {isa = PBXBuildFile; fileRef = 7AB3D71F1AC35C1600CA94DB /* SPSignupViewController.m */; };
		7AB3D7221AC35C1600CA94DB /* SPSignupViewController.xib in Resources */ = {isa = PBXBuildFile; fileRef = 7AB3D7201AC35C1600CA94DB /* SPSignupViewController.xib */; };
		7AB3D7271AC35C4C00CA94DB /* SPComposeViewController.m in Sources */ = {isa = PBXBuildFile; fileRef = 7AB3D7251AC35C4C00CA94DB /* SPComposeViewController.m */; };
		7AB3D7281AC35C4C00CA94DB /* SPComposeViewController.xib in Resources */ = {isa = PBXBuildFile; fileRef = 7AB3D7261AC35C4C00CA94DB /* SPComposeViewController.xib */; };
		7AB3D72D1AC35C7400CA94DB /* SPMessageViewController.m in Sources */ = {isa = PBXBuildFile; fileRef = 7AB3D72B1AC35C7400CA94DB /* SPMessageViewController.m */; };
		7AB3D72E1AC35C7400CA94DB /* SPMessageViewController.xib in Resources */ = {isa = PBXBuildFile; fileRef = 7AB3D72C1AC35C7400CA94DB /* SPMessageViewController.xib */; };
		7AB3D7321AC35C9900CA94DB /* SPMessageLabel.m in Sources */ = {isa = PBXBuildFile; fileRef = 7AB3D7311AC35C9900CA94DB /* SPMessageLabel.m */; };
		7AC02FA11B1B9A1A00B26A6E /* Parse.framework in Frameworks */ = {isa = PBXBuildFile; fileRef = 7AC02FA01B1B9A1A00B26A6E /* Parse.framework */; };
		7AC02FA31B1B9BE600B26A6E /* AudioToolbox.framework in Frameworks */ = {isa = PBXBuildFile; fileRef = 7AC02FA21B1B9BE600B26A6E /* AudioToolbox.framework */; };
		7AC02FA51B1B9BF000B26A6E /* CFNetwork.framework in Frameworks */ = {isa = PBXBuildFile; fileRef = 7AC02FA41B1B9BF000B26A6E /* CFNetwork.framework */; };
		7AC02FA71B1B9C0500B26A6E /* CoreGraphics.framework in Frameworks */ = {isa = PBXBuildFile; fileRef = 7AC02FA61B1B9C0500B26A6E /* CoreGraphics.framework */; };
		7AC02FA91B1B9C0B00B26A6E /* CoreLocation.framework in Frameworks */ = {isa = PBXBuildFile; fileRef = 7AC02FA81B1B9C0B00B26A6E /* CoreLocation.framework */; };
		7AC02FAB1B1B9C1600B26A6E /* MobileCoreServices.framework in Frameworks */ = {isa = PBXBuildFile; fileRef = 7AC02FAA1B1B9C1600B26A6E /* MobileCoreServices.framework */; };
		7AC02FAD1B1B9C2000B26A6E /* QuartzCore.framework in Frameworks */ = {isa = PBXBuildFile; fileRef = 7AC02FAC1B1B9C2000B26A6E /* QuartzCore.framework */; };
		7AC02FAF1B1B9C2500B26A6E /* Security.framework in Frameworks */ = {isa = PBXBuildFile; fileRef = 7AC02FAE1B1B9C2500B26A6E /* Security.framework */; };
		7AC02FB31B1B9C3800B26A6E /* SystemConfiguration.framework in Frameworks */ = {isa = PBXBuildFile; fileRef = 7AC02FB21B1B9C3800B26A6E /* SystemConfiguration.framework */; };
		7AC02FB51B1B9C4500B26A6E /* libz.dylib in Frameworks */ = {isa = PBXBuildFile; fileRef = 7AC02FB41B1B9C4500B26A6E /* libz.dylib */; };
		7AC02FB71B1B9C5400B26A6E /* libsqlite3.dylib in Frameworks */ = {isa = PBXBuildFile; fileRef = 7AC02FB61B1B9C5400B26A6E /* libsqlite3.dylib */; };
		7AC02FB91B1B9C6C00B26A6E /* Accounts.framework in Frameworks */ = {isa = PBXBuildFile; fileRef = 7AC02FB81B1B9C6C00B26A6E /* Accounts.framework */; };
		7AC02FBB1B1B9C7300B26A6E /* Social.framework in Frameworks */ = {isa = PBXBuildFile; fileRef = 7AC02FBA1B1B9C7300B26A6E /* Social.framework */; };
		7AC02FBD1B1B9D4200B26A6E /* Bolts.framework in Frameworks */ = {isa = PBXBuildFile; fileRef = 7AC02FBC1B1B9D4200B26A6E /* Bolts.framework */; };
		7AC691651B25FA0D0018EB9D /* SPCustomNotificationViewController.m in Sources */ = {isa = PBXBuildFile; fileRef = 7AC691631B25FA0D0018EB9D /* SPCustomNotificationViewController.m */; };
		7AC691661B25FA0D0018EB9D /* SPCustomNotificationViewController.xib in Resources */ = {isa = PBXBuildFile; fileRef = 7AC691641B25FA0D0018EB9D /* SPCustomNotificationViewController.xib */; };
		7AC6916A1B25FD960018EB9D /* SPCircleView.m in Sources */ = {isa = PBXBuildFile; fileRef = 7AC691691B25FD960018EB9D /* SPCircleView.m */; };
		7AC6916D1B25FF7F0018EB9D /* SPCustomPageControl.m in Sources */ = {isa = PBXBuildFile; fileRef = 7AC6916C1B25FF7F0018EB9D /* SPCustomPageControl.m */; };
		7AC6916F1B25FF960018EB9D /* SPCustomPageControl.xib in Resources */ = {isa = PBXBuildFile; fileRef = 7AC6916E1B25FF960018EB9D /* SPCustomPageControl.xib */; };
		7AC691721B2603240018EB9D /* UIView+Speedl.m in Sources */ = {isa = PBXBuildFile; fileRef = 7AC691711B2603240018EB9D /* UIView+Speedl.m */; };
		7ADC3AF11B1F7ECE004A0CD2 /* Crashlytics.framework in Frameworks */ = {isa = PBXBuildFile; fileRef = 7ADC3AF01B1F7ECE004A0CD2 /* Crashlytics.framework */; };
		7ADCF43C1B0688E3009834D5 /* SPSearchFriendsViewController.m in Sources */ = {isa = PBXBuildFile; fileRef = 7ADCF43A1B0688E3009834D5 /* SPSearchFriendsViewController.m */; };
		7ADCF43D1B0688E3009834D5 /* SPSearchFriendsViewController.xib in Resources */ = {isa = PBXBuildFile; fileRef = 7ADCF43B1B0688E3009834D5 /* SPSearchFriendsViewController.xib */; };
		7ADCF4401B069BEE009834D5 /* UITableView+Custom.m in Sources */ = {isa = PBXBuildFile; fileRef = 7ADCF43F1B069BEE009834D5 /* UITableView+Custom.m */; };
		7ADCF4441B06A265009834D5 /* SPUsersTableDataSource.m in Sources */ = {isa = PBXBuildFile; fileRef = 7ADCF4431B06A265009834D5 /* SPUsersTableDataSource.m */; };
		7ADCF4471B06A537009834D5 /* SPUsersTableDelegate.m in Sources */ = {isa = PBXBuildFile; fileRef = 7ADCF4461B06A537009834D5 /* SPUsersTableDelegate.m */; };
		7AE4D1EB1AE256B9006F6C83 /* SPContainerViewController.xib in Resources */ = {isa = PBXBuildFile; fileRef = 7AE4D1EA1AE256B9006F6C83 /* SPContainerViewController.xib */; };
		7AE4D1EF1AE25E1F006F6C83 /* SPAppearance.m in Sources */ = {isa = PBXBuildFile; fileRef = 7AE4D1EE1AE25E1F006F6C83 /* SPAppearance.m */; };
		7AE4D1F21AE2870E006F6C83 /* UILabel+Custom.m in Sources */ = {isa = PBXBuildFile; fileRef = 7AE4D1F11AE2870E006F6C83 /* UILabel+Custom.m */; };
		7AE4D1F51AE2877D006F6C83 /* UITextField+Custom.m in Sources */ = {isa = PBXBuildFile; fileRef = 7AE4D1F41AE2877D006F6C83 /* UITextField+Custom.m */; };
		7AE4D1F81AE28BD7006F6C83 /* UIButton+Custom.m in Sources */ = {isa = PBXBuildFile; fileRef = 7AE4D1F71AE28BD7006F6C83 /* UIButton+Custom.m */; };
		7AE4D1FB1AE294BE006F6C83 /* UISegmentedControl+Custom.m in Sources */ = {isa = PBXBuildFile; fileRef = 7AE4D1FA1AE294BE006F6C83 /* UISegmentedControl+Custom.m */; };
		7AE4D2001AE2A749006F6C83 /* SPMessageTableViewCell.m in Sources */ = {isa = PBXBuildFile; fileRef = 7AE4D1FE1AE2A749006F6C83 /* SPMessageTableViewCell.m */; };
		7AE4D2011AE2A749006F6C83 /* SPMessageTableViewCell.xib in Resources */ = {isa = PBXBuildFile; fileRef = 7AE4D1FF1AE2A749006F6C83 /* SPMessageTableViewCell.xib */; };
		7AE4D2081AE2AC28006F6C83 /* SPMessageListViewController.m in Sources */ = {isa = PBXBuildFile; fileRef = 7AE4D2061AE2AC28006F6C83 /* SPMessageListViewController.m */; };
		7AE4D2091AE2AC28006F6C83 /* SPMessageListViewController.xib in Resources */ = {isa = PBXBuildFile; fileRef = 7AE4D2071AE2AC28006F6C83 /* SPMessageListViewController.xib */; };
/* End PBXBuildFile section */

/* Begin PBXFileReference section */
		70274CC64F4C569AB150CCD5 /* libPods.a */ = {isa = PBXFileReference; explicitFileType = archive.ar; includeInIndex = 0; path = libPods.a; sourceTree = BUILT_PRODUCTS_DIR; };
		7A216C211B1267E200F67B0F /* SPFriendsTableViewController.xib */ = {isa = PBXFileReference; fileEncoding = 4; lastKnownFileType = file.xib; path = SPFriendsTableViewController.xib; sourceTree = "<group>"; };
		7A216C261B164DA800F67B0F /* SPSettingsViewController.h */ = {isa = PBXFileReference; fileEncoding = 4; lastKnownFileType = sourcecode.c.h; path = SPSettingsViewController.h; sourceTree = "<group>"; };
		7A216C271B164DA800F67B0F /* SPSettingsViewController.m */ = {isa = PBXFileReference; fileEncoding = 4; lastKnownFileType = sourcecode.c.objc; path = SPSettingsViewController.m; sourceTree = "<group>"; };
		7A216C281B164DA800F67B0F /* SPSettingsViewController.xib */ = {isa = PBXFileReference; fileEncoding = 4; lastKnownFileType = file.xib; path = SPSettingsViewController.xib; sourceTree = "<group>"; };
		7A263CF91AC89B3900D69F60 /* SPLoginRouter.h */ = {isa = PBXFileReference; fileEncoding = 4; lastKnownFileType = sourcecode.c.h; path = SPLoginRouter.h; sourceTree = "<group>"; };
		7A263CFA1AC89B3900D69F60 /* SPLoginRouter.m */ = {isa = PBXFileReference; fileEncoding = 4; lastKnownFileType = sourcecode.c.objc; path = SPLoginRouter.m; sourceTree = "<group>"; };
		7A263D001AC89FEA00D69F60 /* SPContainerViewController.h */ = {isa = PBXFileReference; fileEncoding = 4; lastKnownFileType = sourcecode.c.h; path = SPContainerViewController.h; sourceTree = "<group>"; };
		7A263D011AC89FEA00D69F60 /* SPContainerViewController.m */ = {isa = PBXFileReference; fileEncoding = 4; lastKnownFileType = sourcecode.c.objc; path = SPContainerViewController.m; sourceTree = "<group>"; };
		7A263D111AD1486B00D69F60 /* SPMessage.h */ = {isa = PBXFileReference; fileEncoding = 4; lastKnownFileType = sourcecode.c.h; path = SPMessage.h; sourceTree = "<group>"; };
		7A263D121AD1486B00D69F60 /* SPMessage.m */ = {isa = PBXFileReference; fileEncoding = 4; lastKnownFileType = sourcecode.c.objc; path = SPMessage.m; sourceTree = "<group>"; };
		7A263D141AD1EF1900D69F60 /* SPMessageBuilder.h */ = {isa = PBXFileReference; fileEncoding = 4; lastKnownFileType = sourcecode.c.h; path = SPMessageBuilder.h; sourceTree = "<group>"; };
		7A263D151AD1EF1900D69F60 /* SPMessageBuilder.m */ = {isa = PBXFileReference; fileEncoding = 4; lastKnownFileType = sourcecode.c.objc; path = SPMessageBuilder.m; sourceTree = "<group>"; };
		7A263D171AD5BEB500D69F60 /* SPContainedViewController.h */ = {isa = PBXFileReference; fileEncoding = 4; lastKnownFileType = sourcecode.c.h; path = SPContainedViewController.h; sourceTree = "<group>"; };
		7A263D181AD5BEB500D69F60 /* SPContainedViewController.m */ = {isa = PBXFileReference; fileEncoding = 4; lastKnownFileType = sourcecode.c.objc; path = SPContainedViewController.m; sourceTree = "<group>"; };
		7A263D1B1AD5C10300D69F60 /* SPFriendsViewController.h */ = {isa = PBXFileReference; fileEncoding = 4; lastKnownFileType = sourcecode.c.h; path = SPFriendsViewController.h; sourceTree = "<group>"; };
		7A263D1C1AD5C10300D69F60 /* SPFriendsViewController.m */ = {isa = PBXFileReference; fileEncoding = 4; lastKnownFileType = sourcecode.c.objc; path = SPFriendsViewController.m; sourceTree = "<group>"; };
		7A263D1D1AD5C10300D69F60 /* SPFriendsViewController.xib */ = {isa = PBXFileReference; fileEncoding = 4; lastKnownFileType = file.xib; path = SPFriendsViewController.xib; sourceTree = "<group>"; };
		7A45F8A31B011DC5009BDA95 /* SPNotification.h */ = {isa = PBXFileReference; fileEncoding = 4; lastKnownFileType = sourcecode.c.h; path = SPNotification.h; sourceTree = "<group>"; };
		7A45F8A41B011DC5009BDA95 /* SPNotification.m */ = {isa = PBXFileReference; fileEncoding = 4; lastKnownFileType = sourcecode.c.objc; path = SPNotification.m; sourceTree = "<group>"; };
		7A49B9821AE406CA0085D3C6 /* UITextView+Custom.h */ = {isa = PBXFileReference; fileEncoding = 4; lastKnownFileType = sourcecode.c.h; path = "UITextView+Custom.h"; sourceTree = "<group>"; };
		7A49B9831AE406CA0085D3C6 /* UITextView+Custom.m */ = {isa = PBXFileReference; fileEncoding = 4; lastKnownFileType = sourcecode.c.objc; path = "UITextView+Custom.m"; sourceTree = "<group>"; };
		7A49B9871AE417830085D3C6 /* SPFriendTableViewCell.h */ = {isa = PBXFileReference; fileEncoding = 4; lastKnownFileType = sourcecode.c.h; path = SPFriendTableViewCell.h; sourceTree = "<group>"; };
		7A49B9881AE417830085D3C6 /* SPFriendTableViewCell.m */ = {isa = PBXFileReference; fileEncoding = 4; lastKnownFileType = sourcecode.c.objc; path = SPFriendTableViewCell.m; sourceTree = "<group>"; };
		7A49B9891AE417830085D3C6 /* SPFriendTableViewCell.xib */ = {isa = PBXFileReference; fileEncoding = 4; lastKnownFileType = file.xib; path = SPFriendTableViewCell.xib; sourceTree = "<group>"; };
		7A49B98D1AE836350085D3C6 /* SPCustomTwoTabView.h */ = {isa = PBXFileReference; fileEncoding = 4; lastKnownFileType = sourcecode.c.h; path = SPCustomTwoTabView.h; sourceTree = "<group>"; };
		7A49B98E1AE836350085D3C6 /* SPCustomTwoTabView.m */ = {isa = PBXFileReference; fileEncoding = 4; lastKnownFileType = sourcecode.c.objc; path = SPCustomTwoTabView.m; sourceTree = "<group>"; };
		7A625F501B053A1A0092F412 /* SPFriendsTableViewController.h */ = {isa = PBXFileReference; fileEncoding = 4; lastKnownFileType = sourcecode.c.h; path = SPFriendsTableViewController.h; sourceTree = "<group>"; };
		7A625F511B053A1A0092F412 /* SPFriendsTableViewController.m */ = {isa = PBXFileReference; fileEncoding = 4; lastKnownFileType = sourcecode.c.objc; path = SPFriendsTableViewController.m; sourceTree = "<group>"; };
		7A625F541B0545EC0092F412 /* SPAutoLayout.h */ = {isa = PBXFileReference; fileEncoding = 4; lastKnownFileType = sourcecode.c.h; path = SPAutoLayout.h; sourceTree = "<group>"; };
		7A625F551B0545ED0092F412 /* SPAutoLayout.m */ = {isa = PBXFileReference; fileEncoding = 4; lastKnownFileType = sourcecode.c.objc; path = SPAutoLayout.m; sourceTree = "<group>"; };
		7AB3D6E51AC35A3900CA94DB /* gzelle.app */ = {isa = PBXFileReference; explicitFileType = wrapper.application; includeInIndex = 0; path = gzelle.app; sourceTree = BUILT_PRODUCTS_DIR; };
		7AB3D6E91AC35A3900CA94DB /* Info.plist */ = {isa = PBXFileReference; lastKnownFileType = text.plist.xml; path = Info.plist; sourceTree = "<group>"; };
		7AB3D6EA1AC35A3900CA94DB /* main.m */ = {isa = PBXFileReference; lastKnownFileType = sourcecode.c.objc; path = main.m; sourceTree = "<group>"; };
		7AB3D6EC1AC35A3900CA94DB /* SPAppDelegate.h */ = {isa = PBXFileReference; lastKnownFileType = sourcecode.c.h; path = SPAppDelegate.h; sourceTree = "<group>"; };
		7AB3D6ED1AC35A3900CA94DB /* SPAppDelegate.m */ = {isa = PBXFileReference; lastKnownFileType = sourcecode.c.objc; path = SPAppDelegate.m; sourceTree = "<group>"; };
		7AB3D6F51AC35A3900CA94DB /* Images.xcassets */ = {isa = PBXFileReference; lastKnownFileType = folder.assetcatalog; path = Images.xcassets; sourceTree = "<group>"; };
		7AB3D6F81AC35A3900CA94DB /* Base */ = {isa = PBXFileReference; lastKnownFileType = file.xib; name = Base; path = Base.lproj/LaunchScreen.xib; sourceTree = "<group>"; };
		7AB3D7031AC35A3900CA94DB /* Info.plist */ = {isa = PBXFileReference; lastKnownFileType = text.plist.xml; path = Info.plist; sourceTree = "<group>"; };
		7AB3D7041AC35A3900CA94DB /* SpeedlTests.m */ = {isa = PBXFileReference; lastKnownFileType = sourcecode.c.objc; path = SpeedlTests.m; sourceTree = "<group>"; };
		7AB3D70F1AC35B7600CA94DB /* SPNetworkObject.h */ = {isa = PBXFileReference; fileEncoding = 4; lastKnownFileType = sourcecode.c.h; path = SPNetworkObject.h; sourceTree = "<group>"; };
		7AB3D7101AC35B7600CA94DB /* SPNetworkObject.m */ = {isa = PBXFileReference; fileEncoding = 4; lastKnownFileType = sourcecode.c.objc; path = SPNetworkObject.m; sourceTree = "<group>"; };
		7AB3D7131AC35BA600CA94DB /* SPNetworkHelper.h */ = {isa = PBXFileReference; fileEncoding = 4; lastKnownFileType = sourcecode.c.h; path = SPNetworkHelper.h; sourceTree = "<group>"; };
		7AB3D7141AC35BA600CA94DB /* SPNetworkHelper.m */ = {isa = PBXFileReference; fileEncoding = 4; lastKnownFileType = sourcecode.c.objc; path = SPNetworkHelper.m; sourceTree = "<group>"; };
		7AB3D7171AC35BD000CA94DB /* SPUser.h */ = {isa = PBXFileReference; fileEncoding = 4; lastKnownFileType = sourcecode.c.h; path = SPUser.h; sourceTree = "<group>"; };
		7AB3D7181AC35BD000CA94DB /* SPUser.m */ = {isa = PBXFileReference; fileEncoding = 4; lastKnownFileType = sourcecode.c.objc; path = SPUser.m; sourceTree = "<group>"; };
		7AB3D7191AC35BD000CA94DB /* SPUserBuilder.h */ = {isa = PBXFileReference; fileEncoding = 4; lastKnownFileType = sourcecode.c.h; path = SPUserBuilder.h; sourceTree = "<group>"; };
		7AB3D71A1AC35BD000CA94DB /* SPUserBuilder.m */ = {isa = PBXFileReference; fileEncoding = 4; lastKnownFileType = sourcecode.c.objc; path = SPUserBuilder.m; sourceTree = "<group>"; };
		7AB3D71E1AC35C1600CA94DB /* SPSignupViewController.h */ = {isa = PBXFileReference; fileEncoding = 4; lastKnownFileType = sourcecode.c.h; path = SPSignupViewController.h; sourceTree = "<group>"; };
		7AB3D71F1AC35C1600CA94DB /* SPSignupViewController.m */ = {isa = PBXFileReference; fileEncoding = 4; lastKnownFileType = sourcecode.c.objc; path = SPSignupViewController.m; sourceTree = "<group>"; };
		7AB3D7201AC35C1600CA94DB /* SPSignupViewController.xib */ = {isa = PBXFileReference; fileEncoding = 4; lastKnownFileType = file.xib; path = SPSignupViewController.xib; sourceTree = "<group>"; };
		7AB3D7241AC35C4C00CA94DB /* SPComposeViewController.h */ = {isa = PBXFileReference; fileEncoding = 4; lastKnownFileType = sourcecode.c.h; path = SPComposeViewController.h; sourceTree = "<group>"; };
		7AB3D7251AC35C4C00CA94DB /* SPComposeViewController.m */ = {isa = PBXFileReference; fileEncoding = 4; lastKnownFileType = sourcecode.c.objc; path = SPComposeViewController.m; sourceTree = "<group>"; };
		7AB3D7261AC35C4C00CA94DB /* SPComposeViewController.xib */ = {isa = PBXFileReference; fileEncoding = 4; lastKnownFileType = file.xib; path = SPComposeViewController.xib; sourceTree = "<group>"; };
		7AB3D72A1AC35C7400CA94DB /* SPMessageViewController.h */ = {isa = PBXFileReference; fileEncoding = 4; lastKnownFileType = sourcecode.c.h; path = SPMessageViewController.h; sourceTree = "<group>"; };
		7AB3D72B1AC35C7400CA94DB /* SPMessageViewController.m */ = {isa = PBXFileReference; fileEncoding = 4; lastKnownFileType = sourcecode.c.objc; path = SPMessageViewController.m; sourceTree = "<group>"; };
		7AB3D72C1AC35C7400CA94DB /* SPMessageViewController.xib */ = {isa = PBXFileReference; fileEncoding = 4; lastKnownFileType = file.xib; path = SPMessageViewController.xib; sourceTree = "<group>"; };
		7AB3D7301AC35C9900CA94DB /* SPMessageLabel.h */ = {isa = PBXFileReference; fileEncoding = 4; lastKnownFileType = sourcecode.c.h; path = SPMessageLabel.h; sourceTree = "<group>"; };
		7AB3D7311AC35C9900CA94DB /* SPMessageLabel.m */ = {isa = PBXFileReference; fileEncoding = 4; lastKnownFileType = sourcecode.c.objc; path = SPMessageLabel.m; sourceTree = "<group>"; };
		7AB3D7331AC35CC900CA94DB /* gzelle-Prefix.pch */ = {isa = PBXFileReference; fileEncoding = 4; lastKnownFileType = sourcecode.c.h; path = "gzelle-Prefix.pch"; sourceTree = "<group>"; };
		7AC02FA01B1B9A1A00B26A6E /* Parse.framework */ = {isa = PBXFileReference; lastKnownFileType = wrapper.framework; path = Parse.framework; sourceTree = "<group>"; };
		7AC02FA21B1B9BE600B26A6E /* AudioToolbox.framework */ = {isa = PBXFileReference; lastKnownFileType = wrapper.framework; name = AudioToolbox.framework; path = System/Library/Frameworks/AudioToolbox.framework; sourceTree = SDKROOT; };
		7AC02FA41B1B9BF000B26A6E /* CFNetwork.framework */ = {isa = PBXFileReference; lastKnownFileType = wrapper.framework; name = CFNetwork.framework; path = System/Library/Frameworks/CFNetwork.framework; sourceTree = SDKROOT; };
		7AC02FA61B1B9C0500B26A6E /* CoreGraphics.framework */ = {isa = PBXFileReference; lastKnownFileType = wrapper.framework; name = CoreGraphics.framework; path = System/Library/Frameworks/CoreGraphics.framework; sourceTree = SDKROOT; };
		7AC02FA81B1B9C0B00B26A6E /* CoreLocation.framework */ = {isa = PBXFileReference; lastKnownFileType = wrapper.framework; name = CoreLocation.framework; path = System/Library/Frameworks/CoreLocation.framework; sourceTree = SDKROOT; };
		7AC02FAA1B1B9C1600B26A6E /* MobileCoreServices.framework */ = {isa = PBXFileReference; lastKnownFileType = wrapper.framework; name = MobileCoreServices.framework; path = System/Library/Frameworks/MobileCoreServices.framework; sourceTree = SDKROOT; };
		7AC02FAC1B1B9C2000B26A6E /* QuartzCore.framework */ = {isa = PBXFileReference; lastKnownFileType = wrapper.framework; name = QuartzCore.framework; path = System/Library/Frameworks/QuartzCore.framework; sourceTree = SDKROOT; };
		7AC02FAE1B1B9C2500B26A6E /* Security.framework */ = {isa = PBXFileReference; lastKnownFileType = wrapper.framework; name = Security.framework; path = System/Library/Frameworks/Security.framework; sourceTree = SDKROOT; };
		7AC02FB21B1B9C3800B26A6E /* SystemConfiguration.framework */ = {isa = PBXFileReference; lastKnownFileType = wrapper.framework; name = SystemConfiguration.framework; path = System/Library/Frameworks/SystemConfiguration.framework; sourceTree = SDKROOT; };
		7AC02FB41B1B9C4500B26A6E /* libz.dylib */ = {isa = PBXFileReference; lastKnownFileType = "compiled.mach-o.dylib"; name = libz.dylib; path = usr/lib/libz.dylib; sourceTree = SDKROOT; };
		7AC02FB61B1B9C5400B26A6E /* libsqlite3.dylib */ = {isa = PBXFileReference; lastKnownFileType = "compiled.mach-o.dylib"; name = libsqlite3.dylib; path = usr/lib/libsqlite3.dylib; sourceTree = SDKROOT; };
		7AC02FB81B1B9C6C00B26A6E /* Accounts.framework */ = {isa = PBXFileReference; lastKnownFileType = wrapper.framework; name = Accounts.framework; path = System/Library/Frameworks/Accounts.framework; sourceTree = SDKROOT; };
		7AC02FBA1B1B9C7300B26A6E /* Social.framework */ = {isa = PBXFileReference; lastKnownFileType = wrapper.framework; name = Social.framework; path = System/Library/Frameworks/Social.framework; sourceTree = SDKROOT; };
		7AC02FBC1B1B9D4200B26A6E /* Bolts.framework */ = {isa = PBXFileReference; lastKnownFileType = wrapper.framework; path = Bolts.framework; sourceTree = "<group>"; };
		7AC691621B25FA0D0018EB9D /* SPCustomNotificationViewController.h */ = {isa = PBXFileReference; fileEncoding = 4; lastKnownFileType = sourcecode.c.h; path = SPCustomNotificationViewController.h; sourceTree = "<group>"; };
		7AC691631B25FA0D0018EB9D /* SPCustomNotificationViewController.m */ = {isa = PBXFileReference; fileEncoding = 4; lastKnownFileType = sourcecode.c.objc; path = SPCustomNotificationViewController.m; sourceTree = "<group>"; };
		7AC691641B25FA0D0018EB9D /* SPCustomNotificationViewController.xib */ = {isa = PBXFileReference; fileEncoding = 4; lastKnownFileType = file.xib; path = SPCustomNotificationViewController.xib; sourceTree = "<group>"; };
		7AC691681B25FD960018EB9D /* SPCircleView.h */ = {isa = PBXFileReference; fileEncoding = 4; lastKnownFileType = sourcecode.c.h; path = SPCircleView.h; sourceTree = "<group>"; };
		7AC691691B25FD960018EB9D /* SPCircleView.m */ = {isa = PBXFileReference; fileEncoding = 4; lastKnownFileType = sourcecode.c.objc; path = SPCircleView.m; sourceTree = "<group>"; };
		7AC6916B1B25FF7F0018EB9D /* SPCustomPageControl.h */ = {isa = PBXFileReference; fileEncoding = 4; lastKnownFileType = sourcecode.c.h; path = SPCustomPageControl.h; sourceTree = "<group>"; };
		7AC6916C1B25FF7F0018EB9D /* SPCustomPageControl.m */ = {isa = PBXFileReference; fileEncoding = 4; lastKnownFileType = sourcecode.c.objc; path = SPCustomPageControl.m; sourceTree = "<group>"; };
		7AC6916E1B25FF960018EB9D /* SPCustomPageControl.xib */ = {isa = PBXFileReference; fileEncoding = 4; lastKnownFileType = file.xib; path = SPCustomPageControl.xib; sourceTree = "<group>"; };
		7AC691701B2603240018EB9D /* UIView+Speedl.h */ = {isa = PBXFileReference; fileEncoding = 4; lastKnownFileType = sourcecode.c.h; path = "UIView+Speedl.h"; sourceTree = "<group>"; };
		7AC691711B2603240018EB9D /* UIView+Speedl.m */ = {isa = PBXFileReference; fileEncoding = 4; lastKnownFileType = sourcecode.c.objc; path = "UIView+Speedl.m"; sourceTree = "<group>"; };
		7ADC3AF01B1F7ECE004A0CD2 /* Crashlytics.framework */ = {isa = PBXFileReference; lastKnownFileType = wrapper.framework; path = Crashlytics.framework; sourceTree = "<group>"; };
		7ADCF4391B0688E3009834D5 /* SPSearchFriendsViewController.h */ = {isa = PBXFileReference; fileEncoding = 4; lastKnownFileType = sourcecode.c.h; path = SPSearchFriendsViewController.h; sourceTree = "<group>"; };
		7ADCF43A1B0688E3009834D5 /* SPSearchFriendsViewController.m */ = {isa = PBXFileReference; fileEncoding = 4; lastKnownFileType = sourcecode.c.objc; path = SPSearchFriendsViewController.m; sourceTree = "<group>"; };
		7ADCF43B1B0688E3009834D5 /* SPSearchFriendsViewController.xib */ = {isa = PBXFileReference; fileEncoding = 4; lastKnownFileType = file.xib; path = SPSearchFriendsViewController.xib; sourceTree = "<group>"; };
		7ADCF43E1B069BEE009834D5 /* UITableView+Custom.h */ = {isa = PBXFileReference; fileEncoding = 4; lastKnownFileType = sourcecode.c.h; path = "UITableView+Custom.h"; sourceTree = "<group>"; };
		7ADCF43F1B069BEE009834D5 /* UITableView+Custom.m */ = {isa = PBXFileReference; fileEncoding = 4; lastKnownFileType = sourcecode.c.objc; path = "UITableView+Custom.m"; sourceTree = "<group>"; };
		7ADCF4421B06A265009834D5 /* SPUsersTableDataSource.h */ = {isa = PBXFileReference; fileEncoding = 4; lastKnownFileType = sourcecode.c.h; path = SPUsersTableDataSource.h; sourceTree = "<group>"; };
		7ADCF4431B06A265009834D5 /* SPUsersTableDataSource.m */ = {isa = PBXFileReference; fileEncoding = 4; lastKnownFileType = sourcecode.c.objc; path = SPUsersTableDataSource.m; sourceTree = "<group>"; };
		7ADCF4451B06A537009834D5 /* SPUsersTableDelegate.h */ = {isa = PBXFileReference; fileEncoding = 4; lastKnownFileType = sourcecode.c.h; path = SPUsersTableDelegate.h; sourceTree = "<group>"; };
		7ADCF4461B06A537009834D5 /* SPUsersTableDelegate.m */ = {isa = PBXFileReference; fileEncoding = 4; lastKnownFileType = sourcecode.c.objc; path = SPUsersTableDelegate.m; sourceTree = "<group>"; };
		7AE4D1EA1AE256B9006F6C83 /* SPContainerViewController.xib */ = {isa = PBXFileReference; fileEncoding = 4; lastKnownFileType = file.xib; path = SPContainerViewController.xib; sourceTree = "<group>"; };
		7AE4D1ED1AE25E1F006F6C83 /* SPAppearance.h */ = {isa = PBXFileReference; fileEncoding = 4; lastKnownFileType = sourcecode.c.h; path = SPAppearance.h; sourceTree = "<group>"; };
		7AE4D1EE1AE25E1F006F6C83 /* SPAppearance.m */ = {isa = PBXFileReference; fileEncoding = 4; lastKnownFileType = sourcecode.c.objc; path = SPAppearance.m; sourceTree = "<group>"; };
		7AE4D1F01AE2870E006F6C83 /* UILabel+Custom.h */ = {isa = PBXFileReference; fileEncoding = 4; lastKnownFileType = sourcecode.c.h; path = "UILabel+Custom.h"; sourceTree = "<group>"; };
		7AE4D1F11AE2870E006F6C83 /* UILabel+Custom.m */ = {isa = PBXFileReference; fileEncoding = 4; lastKnownFileType = sourcecode.c.objc; path = "UILabel+Custom.m"; sourceTree = "<group>"; };
		7AE4D1F31AE2877D006F6C83 /* UITextField+Custom.h */ = {isa = PBXFileReference; fileEncoding = 4; lastKnownFileType = sourcecode.c.h; path = "UITextField+Custom.h"; sourceTree = "<group>"; };
		7AE4D1F41AE2877D006F6C83 /* UITextField+Custom.m */ = {isa = PBXFileReference; fileEncoding = 4; lastKnownFileType = sourcecode.c.objc; path = "UITextField+Custom.m"; sourceTree = "<group>"; };
		7AE4D1F61AE28BD7006F6C83 /* UIButton+Custom.h */ = {isa = PBXFileReference; fileEncoding = 4; lastKnownFileType = sourcecode.c.h; path = "UIButton+Custom.h"; sourceTree = "<group>"; };
		7AE4D1F71AE28BD7006F6C83 /* UIButton+Custom.m */ = {isa = PBXFileReference; fileEncoding = 4; lastKnownFileType = sourcecode.c.objc; path = "UIButton+Custom.m"; sourceTree = "<group>"; };
		7AE4D1F91AE294BE006F6C83 /* UISegmentedControl+Custom.h */ = {isa = PBXFileReference; fileEncoding = 4; lastKnownFileType = sourcecode.c.h; path = "UISegmentedControl+Custom.h"; sourceTree = "<group>"; };
		7AE4D1FA1AE294BE006F6C83 /* UISegmentedControl+Custom.m */ = {isa = PBXFileReference; fileEncoding = 4; lastKnownFileType = sourcecode.c.objc; path = "UISegmentedControl+Custom.m"; sourceTree = "<group>"; };
		7AE4D1FD1AE2A749006F6C83 /* SPMessageTableViewCell.h */ = {isa = PBXFileReference; fileEncoding = 4; lastKnownFileType = sourcecode.c.h; path = SPMessageTableViewCell.h; sourceTree = "<group>"; };
		7AE4D1FE1AE2A749006F6C83 /* SPMessageTableViewCell.m */ = {isa = PBXFileReference; fileEncoding = 4; lastKnownFileType = sourcecode.c.objc; path = SPMessageTableViewCell.m; sourceTree = "<group>"; };
		7AE4D1FF1AE2A749006F6C83 /* SPMessageTableViewCell.xib */ = {isa = PBXFileReference; fileEncoding = 4; lastKnownFileType = file.xib; path = SPMessageTableViewCell.xib; sourceTree = "<group>"; };
		7AE4D2051AE2AC28006F6C83 /* SPMessageListViewController.h */ = {isa = PBXFileReference; fileEncoding = 4; lastKnownFileType = sourcecode.c.h; path = SPMessageListViewController.h; sourceTree = "<group>"; };
		7AE4D2061AE2AC28006F6C83 /* SPMessageListViewController.m */ = {isa = PBXFileReference; fileEncoding = 4; lastKnownFileType = sourcecode.c.objc; path = SPMessageListViewController.m; sourceTree = "<group>"; };
		7AE4D2071AE2AC28006F6C83 /* SPMessageListViewController.xib */ = {isa = PBXFileReference; fileEncoding = 4; lastKnownFileType = file.xib; path = SPMessageListViewController.xib; sourceTree = "<group>"; };
		816A64983FABAE9275CD7EB1 /* Pods.debug.xcconfig */ = {isa = PBXFileReference; includeInIndex = 1; lastKnownFileType = text.xcconfig; name = Pods.debug.xcconfig; path = "Pods/Target Support Files/Pods/Pods.debug.xcconfig"; sourceTree = "<group>"; };
		F9555CB790B98F993F9EC59E /* Pods.release.xcconfig */ = {isa = PBXFileReference; includeInIndex = 1; lastKnownFileType = text.xcconfig; name = Pods.release.xcconfig; path = "Pods/Target Support Files/Pods/Pods.release.xcconfig"; sourceTree = "<group>"; };
/* End PBXFileReference section */

/* Begin PBXFrameworksBuildPhase section */
		7AB3D6E21AC35A3900CA94DB /* Frameworks */ = {
			isa = PBXFrameworksBuildPhase;
			buildActionMask = 2147483647;
			files = (
				7AC02FBB1B1B9C7300B26A6E /* Social.framework in Frameworks */,
				7AC02FB91B1B9C6C00B26A6E /* Accounts.framework in Frameworks */,
				7AC02FB71B1B9C5400B26A6E /* libsqlite3.dylib in Frameworks */,
				7AC02FB51B1B9C4500B26A6E /* libz.dylib in Frameworks */,
				7AC02FB31B1B9C3800B26A6E /* SystemConfiguration.framework in Frameworks */,
				7AC02FAF1B1B9C2500B26A6E /* Security.framework in Frameworks */,
				7AC02FAD1B1B9C2000B26A6E /* QuartzCore.framework in Frameworks */,
				7AC02FAB1B1B9C1600B26A6E /* MobileCoreServices.framework in Frameworks */,
				7AC02FA91B1B9C0B00B26A6E /* CoreLocation.framework in Frameworks */,
				7AC02FA71B1B9C0500B26A6E /* CoreGraphics.framework in Frameworks */,
				7ADC3AF11B1F7ECE004A0CD2 /* Crashlytics.framework in Frameworks */,
				7AC02FA51B1B9BF000B26A6E /* CFNetwork.framework in Frameworks */,
				7AC02FA31B1B9BE600B26A6E /* AudioToolbox.framework in Frameworks */,
				7AC02FA11B1B9A1A00B26A6E /* Parse.framework in Frameworks */,
				29D78CCBC7A0BCCC574CD5F3 /* libPods.a in Frameworks */,
				7AC02FBD1B1B9D4200B26A6E /* Bolts.framework in Frameworks */,
			);
			runOnlyForDeploymentPostprocessing = 0;
		};
/* End PBXFrameworksBuildPhase section */

/* Begin PBXGroup section */
		7A216C231B164A4500F67B0F /* SPSettings */ = {
			isa = PBXGroup;
			children = (
				7A216C261B164DA800F67B0F /* SPSettingsViewController.h */,
				7A216C271B164DA800F67B0F /* SPSettingsViewController.m */,
				7A216C281B164DA800F67B0F /* SPSettingsViewController.xib */,
			);
			name = SPSettings;
			sourceTree = "<group>";
		};
		7A263CFC1AC89B3E00D69F60 /* LoginRouter */ = {
			isa = PBXGroup;
			children = (
				7A263CF91AC89B3900D69F60 /* SPLoginRouter.h */,
				7A263CFA1AC89B3900D69F60 /* SPLoginRouter.m */,
			);
			name = LoginRouter;
			sourceTree = "<group>";
		};
		7A263CFD1AC89B4C00D69F60 /* Helpers */ = {
			isa = PBXGroup;
			children = (
				7AC691671B25FD760018EB9D /* SPGeneral */,
				7A625F571B0546040092F412 /* SPAutoLayout */,
				7A45F8A21B011D93009BDA95 /* SPNotification */,
				7AE4D1EC1AE25DD8006F6C83 /* SPAppearance */,
				7AB3D72F1AC35C8300CA94DB /* SPMessageLabel */,
				7A263CFC1AC89B3E00D69F60 /* LoginRouter */,
				7AB3D70E1AC35B5B00CA94DB /* NetworkingHelper */,
				7AC691701B2603240018EB9D /* UIView+Speedl.h */,
				7AC691711B2603240018EB9D /* UIView+Speedl.m */,
			);
			name = Helpers;
			sourceTree = "<group>";
		};
		7A263CFE1AC89F0300D69F60 /* MainViewControllers */ = {
			isa = PBXGroup;
			children = (
				7A216C231B164A4500F67B0F /* SPSettings */,
				7AE4D1FC1AE2A70D006F6C83 /* SPMessageList */,
				7A263D211AD5D5E500D69F60 /* HelpersForViewControllers */,
				7AB3D7231AC35C2F00CA94DB /* SPComposeViewController */,
				7A49B9851AE417400085D3C6 /* SPFriendsList */,
			);
			name = MainViewControllers;
			sourceTree = "<group>";
		};
		7A263CFF1AC89F9400D69F60 /* SPContainerViewController */ = {
			isa = PBXGroup;
			children = (
				7A263D001AC89FEA00D69F60 /* SPContainerViewController.h */,
				7A263D011AC89FEA00D69F60 /* SPContainerViewController.m */,
				7AE4D1EA1AE256B9006F6C83 /* SPContainerViewController.xib */,
			);
			name = SPContainerViewController;
			sourceTree = "<group>";
		};
		7A263D101AD1484000D69F60 /* Message */ = {
			isa = PBXGroup;
			children = (
				7A263D111AD1486B00D69F60 /* SPMessage.h */,
				7A263D121AD1486B00D69F60 /* SPMessage.m */,
				7A263D141AD1EF1900D69F60 /* SPMessageBuilder.h */,
				7A263D151AD1EF1900D69F60 /* SPMessageBuilder.m */,
			);
			name = Message;
			sourceTree = "<group>";
		};
		7A263D1A1AD5BEDE00D69F60 /* SPContainedViewController */ = {
			isa = PBXGroup;
			children = (
				7A263D171AD5BEB500D69F60 /* SPContainedViewController.h */,
				7A263D181AD5BEB500D69F60 /* SPContainedViewController.m */,
			);
			name = SPContainedViewController;
			sourceTree = "<group>";
		};
		7A263D201AD5C10A00D69F60 /* SPFriendsViewController */ = {
			isa = PBXGroup;
			children = (
				7A263D1B1AD5C10300D69F60 /* SPFriendsViewController.h */,
				7A263D1C1AD5C10300D69F60 /* SPFriendsViewController.m */,
				7A263D1D1AD5C10300D69F60 /* SPFriendsViewController.xib */,
			);
			name = SPFriendsViewController;
			sourceTree = "<group>";
		};
		7A263D211AD5D5E500D69F60 /* HelpersForViewControllers */ = {
			isa = PBXGroup;
			children = (
				7A263D1A1AD5BEDE00D69F60 /* SPContainedViewController */,
				7A263CFF1AC89F9400D69F60 /* SPContainerViewController */,
			);
			name = HelpersForViewControllers;
			sourceTree = "<group>";
		};
		7A45F8A21B011D93009BDA95 /* SPNotification */ = {
			isa = PBXGroup;
			children = (
				7A45F8A31B011DC5009BDA95 /* SPNotification.h */,
				7A45F8A41B011DC5009BDA95 /* SPNotification.m */,
				7AC691621B25FA0D0018EB9D /* SPCustomNotificationViewController.h */,
				7AC691631B25FA0D0018EB9D /* SPCustomNotificationViewController.m */,
				7AC691641B25FA0D0018EB9D /* SPCustomNotificationViewController.xib */,
			);
			name = SPNotification;
			sourceTree = "<group>";
		};
		7A49B9851AE417400085D3C6 /* SPFriendsList */ = {
			isa = PBXGroup;
			children = (
				7ADCF4411B06A236009834D5 /* DataSource+Delegate */,
				7ADCF4381B0688AA009834D5 /* SPSearchFriendsViewController */,
				7A625F531B053A210092F412 /* SPFollowersTableViewController */,
				7A49B9861AE417540085D3C6 /* SPFriendTableViewCell */,
				7A263D201AD5C10A00D69F60 /* SPFriendsViewController */,
			);
			name = SPFriendsList;
			sourceTree = "<group>";
		};
		7A49B9861AE417540085D3C6 /* SPFriendTableViewCell */ = {
			isa = PBXGroup;
			children = (
				7A49B9871AE417830085D3C6 /* SPFriendTableViewCell.h */,
				7A49B9881AE417830085D3C6 /* SPFriendTableViewCell.m */,
				7A49B9891AE417830085D3C6 /* SPFriendTableViewCell.xib */,
			);
			name = SPFriendTableViewCell;
			sourceTree = "<group>";
		};
		7A49B98C1AE835F90085D3C6 /* SPCustomTwoTabView */ = {
			isa = PBXGroup;
			children = (
				7A49B98D1AE836350085D3C6 /* SPCustomTwoTabView.h */,
				7A49B98E1AE836350085D3C6 /* SPCustomTwoTabView.m */,
			);
			name = SPCustomTwoTabView;
			sourceTree = "<group>";
		};
		7A625F531B053A210092F412 /* SPFollowersTableViewController */ = {
			isa = PBXGroup;
			children = (
				7A625F501B053A1A0092F412 /* SPFriendsTableViewController.h */,
				7A625F511B053A1A0092F412 /* SPFriendsTableViewController.m */,
				7A216C211B1267E200F67B0F /* SPFriendsTableViewController.xib */,
			);
			name = SPFollowersTableViewController;
			sourceTree = "<group>";
		};
		7A625F571B0546040092F412 /* SPAutoLayout */ = {
			isa = PBXGroup;
			children = (
				7A625F541B0545EC0092F412 /* SPAutoLayout.h */,
				7A625F551B0545ED0092F412 /* SPAutoLayout.m */,
			);
			name = SPAutoLayout;
			sourceTree = "<group>";
		};
		7AB3D6DC1AC35A3900CA94DB = {
			isa = PBXGroup;
			children = (
				7AB3D6E71AC35A3900CA94DB /* Speedl */,
				7AB3D7011AC35A3900CA94DB /* SpeedlTests */,
				7AB3D6E61AC35A3900CA94DB /* Products */,
				9902C6391AA507BE63D7D702 /* Pods */,
				B9562DC0C125E173ACDB9B68 /* Frameworks */,
			);
			sourceTree = "<group>";
		};
		7AB3D6E61AC35A3900CA94DB /* Products */ = {
			isa = PBXGroup;
			children = (
				7AB3D6E51AC35A3900CA94DB /* gzelle.app */,
			);
			name = Products;
			sourceTree = "<group>";
		};
		7AB3D6E71AC35A3900CA94DB /* Speedl */ = {
			isa = PBXGroup;
			children = (
				7A263CFD1AC89B4C00D69F60 /* Helpers */,
				7AB3D7121AC35B8000CA94DB /* Model */,
				7AB3D71D1AC35BE600CA94DB /* Onboarding */,
				7A263CFE1AC89F0300D69F60 /* MainViewControllers */,
				7AB3D6EC1AC35A3900CA94DB /* SPAppDelegate.h */,
				7AB3D6ED1AC35A3900CA94DB /* SPAppDelegate.m */,
				7AB3D6F51AC35A3900CA94DB /* Images.xcassets */,
				7AB3D6F71AC35A3900CA94DB /* LaunchScreen.xib */,
				7AB3D6E81AC35A3900CA94DB /* Supporting Files */,
			);
			path = Speedl;
			sourceTree = "<group>";
		};
		7AB3D6E81AC35A3900CA94DB /* Supporting Files */ = {
			isa = PBXGroup;
			children = (
				7AB3D7331AC35CC900CA94DB /* gzelle-Prefix.pch */,
				7AB3D6E91AC35A3900CA94DB /* Info.plist */,
				7AB3D6EA1AC35A3900CA94DB /* main.m */,
			);
			name = "Supporting Files";
			sourceTree = "<group>";
		};
		7AB3D7011AC35A3900CA94DB /* SpeedlTests */ = {
			isa = PBXGroup;
			children = (
				7AB3D7041AC35A3900CA94DB /* SpeedlTests.m */,
				7AB3D7021AC35A3900CA94DB /* Supporting Files */,
			);
			path = SpeedlTests;
			sourceTree = "<group>";
		};
		7AB3D7021AC35A3900CA94DB /* Supporting Files */ = {
			isa = PBXGroup;
			children = (
				7AB3D7031AC35A3900CA94DB /* Info.plist */,
			);
			name = "Supporting Files";
			sourceTree = "<group>";
		};
		7AB3D70E1AC35B5B00CA94DB /* NetworkingHelper */ = {
			isa = PBXGroup;
			children = (
				7AB3D7131AC35BA600CA94DB /* SPNetworkHelper.h */,
				7AB3D7141AC35BA600CA94DB /* SPNetworkHelper.m */,
			);
			name = NetworkingHelper;
			sourceTree = "<group>";
		};
		7AB3D7121AC35B8000CA94DB /* Model */ = {
			isa = PBXGroup;
			children = (
				7A263D101AD1484000D69F60 /* Message */,
				7AB3D7161AC35BB800CA94DB /* User */,
				7AB3D70F1AC35B7600CA94DB /* SPNetworkObject.h */,
				7AB3D7101AC35B7600CA94DB /* SPNetworkObject.m */,
			);
			name = Model;
			sourceTree = "<group>";
		};
		7AB3D7161AC35BB800CA94DB /* User */ = {
			isa = PBXGroup;
			children = (
				7AB3D7171AC35BD000CA94DB /* SPUser.h */,
				7AB3D7181AC35BD000CA94DB /* SPUser.m */,
				7AB3D7191AC35BD000CA94DB /* SPUserBuilder.h */,
				7AB3D71A1AC35BD000CA94DB /* SPUserBuilder.m */,
			);
			name = User;
			sourceTree = "<group>";
		};
		7AB3D71D1AC35BE600CA94DB /* Onboarding */ = {
			isa = PBXGroup;
			children = (
				7A49B98C1AE835F90085D3C6 /* SPCustomTwoTabView */,
				7AB3D71E1AC35C1600CA94DB /* SPSignupViewController.h */,
				7AB3D71F1AC35C1600CA94DB /* SPSignupViewController.m */,
				7AB3D7201AC35C1600CA94DB /* SPSignupViewController.xib */,
			);
			name = Onboarding;
			sourceTree = "<group>";
		};
		7AB3D7231AC35C2F00CA94DB /* SPComposeViewController */ = {
			isa = PBXGroup;
			children = (
				7AB3D7241AC35C4C00CA94DB /* SPComposeViewController.h */,
				7AB3D7251AC35C4C00CA94DB /* SPComposeViewController.m */,
				7AB3D7261AC35C4C00CA94DB /* SPComposeViewController.xib */,
			);
			name = SPComposeViewController;
			sourceTree = "<group>";
		};
		7AB3D7291AC35C5700CA94DB /* SPMessageViewController */ = {
			isa = PBXGroup;
			children = (
				7AB3D72A1AC35C7400CA94DB /* SPMessageViewController.h */,
				7AB3D72B1AC35C7400CA94DB /* SPMessageViewController.m */,
				7AB3D72C1AC35C7400CA94DB /* SPMessageViewController.xib */,
			);
			name = SPMessageViewController;
			sourceTree = "<group>";
		};
		7AB3D72F1AC35C8300CA94DB /* SPMessageLabel */ = {
			isa = PBXGroup;
			children = (
				7AB3D7301AC35C9900CA94DB /* SPMessageLabel.h */,
				7AB3D7311AC35C9900CA94DB /* SPMessageLabel.m */,
			);
			name = SPMessageLabel;
			sourceTree = "<group>";
		};
		7AC691671B25FD760018EB9D /* SPGeneral */ = {
			isa = PBXGroup;
			children = (
				7AC691681B25FD960018EB9D /* SPCircleView.h */,
				7AC691691B25FD960018EB9D /* SPCircleView.m */,
				7AC6916B1B25FF7F0018EB9D /* SPCustomPageControl.h */,
				7AC6916C1B25FF7F0018EB9D /* SPCustomPageControl.m */,
				7AC6916E1B25FF960018EB9D /* SPCustomPageControl.xib */,
			);
			name = SPGeneral;
			sourceTree = "<group>";
		};
		7ADCF4381B0688AA009834D5 /* SPSearchFriendsViewController */ = {
			isa = PBXGroup;
			children = (
				7ADCF4391B0688E3009834D5 /* SPSearchFriendsViewController.h */,
				7ADCF43A1B0688E3009834D5 /* SPSearchFriendsViewController.m */,
				7ADCF43B1B0688E3009834D5 /* SPSearchFriendsViewController.xib */,
			);
			name = SPSearchFriendsViewController;
			sourceTree = "<group>";
		};
		7ADCF4411B06A236009834D5 /* DataSource+Delegate */ = {
			isa = PBXGroup;
			children = (
				7ADCF4421B06A265009834D5 /* SPUsersTableDataSource.h */,
				7ADCF4431B06A265009834D5 /* SPUsersTableDataSource.m */,
				7ADCF4451B06A537009834D5 /* SPUsersTableDelegate.h */,
				7ADCF4461B06A537009834D5 /* SPUsersTableDelegate.m */,
			);
			name = "DataSource+Delegate";
			sourceTree = "<group>";
		};
		7AE4D1EC1AE25DD8006F6C83 /* SPAppearance */ = {
			isa = PBXGroup;
			children = (
				7AE4D1ED1AE25E1F006F6C83 /* SPAppearance.h */,
				7AE4D1EE1AE25E1F006F6C83 /* SPAppearance.m */,
				7AE4D1F01AE2870E006F6C83 /* UILabel+Custom.h */,
				7AE4D1F11AE2870E006F6C83 /* UILabel+Custom.m */,
				7AE4D1F31AE2877D006F6C83 /* UITextField+Custom.h */,
				7AE4D1F41AE2877D006F6C83 /* UITextField+Custom.m */,
				7AE4D1F61AE28BD7006F6C83 /* UIButton+Custom.h */,
				7AE4D1F71AE28BD7006F6C83 /* UIButton+Custom.m */,
				7AE4D1F91AE294BE006F6C83 /* UISegmentedControl+Custom.h */,
				7AE4D1FA1AE294BE006F6C83 /* UISegmentedControl+Custom.m */,
				7A49B9821AE406CA0085D3C6 /* UITextView+Custom.h */,
				7A49B9831AE406CA0085D3C6 /* UITextView+Custom.m */,
				7ADCF43E1B069BEE009834D5 /* UITableView+Custom.h */,
				7ADCF43F1B069BEE009834D5 /* UITableView+Custom.m */,
			);
			name = SPAppearance;
			sourceTree = "<group>";
		};
		7AE4D1FC1AE2A70D006F6C83 /* SPMessageList */ = {
			isa = PBXGroup;
			children = (
				7AE4D2041AE2AC04006F6C83 /* SPMessageListViewController */,
				7AE4D2021AE2A74D006F6C83 /* SPMessageTableViewCell */,
				7AB3D7291AC35C5700CA94DB /* SPMessageViewController */,
			);
			name = SPMessageList;
			sourceTree = "<group>";
		};
		7AE4D2021AE2A74D006F6C83 /* SPMessageTableViewCell */ = {
			isa = PBXGroup;
			children = (
				7AE4D1FD1AE2A749006F6C83 /* SPMessageTableViewCell.h */,
				7AE4D1FE1AE2A749006F6C83 /* SPMessageTableViewCell.m */,
				7AE4D1FF1AE2A749006F6C83 /* SPMessageTableViewCell.xib */,
			);
			name = SPMessageTableViewCell;
			sourceTree = "<group>";
		};
		7AE4D2041AE2AC04006F6C83 /* SPMessageListViewController */ = {
			isa = PBXGroup;
			children = (
				7AE4D2051AE2AC28006F6C83 /* SPMessageListViewController.h */,
				7AE4D2061AE2AC28006F6C83 /* SPMessageListViewController.m */,
				7AE4D2071AE2AC28006F6C83 /* SPMessageListViewController.xib */,
			);
			name = SPMessageListViewController;
			sourceTree = "<group>";
		};
		9902C6391AA507BE63D7D702 /* Pods */ = {
			isa = PBXGroup;
			children = (
				816A64983FABAE9275CD7EB1 /* Pods.debug.xcconfig */,
				F9555CB790B98F993F9EC59E /* Pods.release.xcconfig */,
			);
			name = Pods;
			sourceTree = "<group>";
		};
		B9562DC0C125E173ACDB9B68 /* Frameworks */ = {
			isa = PBXGroup;
			children = (
				7ADC3AF01B1F7ECE004A0CD2 /* Crashlytics.framework */,
				7AC02FBC1B1B9D4200B26A6E /* Bolts.framework */,
				7AC02FBA1B1B9C7300B26A6E /* Social.framework */,
				7AC02FB81B1B9C6C00B26A6E /* Accounts.framework */,
				7AC02FB61B1B9C5400B26A6E /* libsqlite3.dylib */,
				7AC02FB41B1B9C4500B26A6E /* libz.dylib */,
				7AC02FB21B1B9C3800B26A6E /* SystemConfiguration.framework */,
				7AC02FAE1B1B9C2500B26A6E /* Security.framework */,
				7AC02FAC1B1B9C2000B26A6E /* QuartzCore.framework */,
				7AC02FAA1B1B9C1600B26A6E /* MobileCoreServices.framework */,
				7AC02FA81B1B9C0B00B26A6E /* CoreLocation.framework */,
				7AC02FA61B1B9C0500B26A6E /* CoreGraphics.framework */,
				7AC02FA41B1B9BF000B26A6E /* CFNetwork.framework */,
				7AC02FA21B1B9BE600B26A6E /* AudioToolbox.framework */,
				7AC02FA01B1B9A1A00B26A6E /* Parse.framework */,
				70274CC64F4C569AB150CCD5 /* libPods.a */,
			);
			name = Frameworks;
			sourceTree = "<group>";
		};
/* End PBXGroup section */

/* Begin PBXNativeTarget section */
		7AB3D6E41AC35A3900CA94DB /* gzelle */ = {
			isa = PBXNativeTarget;
			buildConfigurationList = 7AB3D7081AC35A3900CA94DB /* Build configuration list for PBXNativeTarget "gzelle" */;
			buildPhases = (
				F366ADAE9EFBDC6FDC0DC809 /* Check Pods Manifest.lock */,
				7AB3D6E11AC35A3900CA94DB /* Sources */,
				7AB3D6E21AC35A3900CA94DB /* Frameworks */,
				7AB3D6E31AC35A3900CA94DB /* Resources */,
				DC793F293ABEDAAAA5E8C5FC /* Copy Pods Resources */,
				7ADC3AEE1B1F7CC9004A0CD2 /* Crashlytics */,
			);
			buildRules = (
			);
			dependencies = (
			);
			name = gzelle;
			productName = Speedl;
			productReference = 7AB3D6E51AC35A3900CA94DB /* gzelle.app */;
			productType = "com.apple.product-type.application";
		};
/* End PBXNativeTarget section */

/* Begin PBXProject section */
		7AB3D6DD1AC35A3900CA94DB /* Project object */ = {
			isa = PBXProject;
			attributes = {
				LastUpgradeCheck = 0620;
				ORGANIZATIONNAME = Speedl;
				TargetAttributes = {
					7AB3D6E41AC35A3900CA94DB = {
						CreatedOnToolsVersion = 6.2;
						DevelopmentTeam = 8Y2GFS326V;
						SystemCapabilities = {
							com.apple.InAppPurchase = {
								enabled = 0;
							};
						};
					};
				};
			};
			buildConfigurationList = 7AB3D6E01AC35A3900CA94DB /* Build configuration list for PBXProject "gzelle" */;
			compatibilityVersion = "Xcode 3.2";
			developmentRegion = English;
			hasScannedForEncodings = 0;
			knownRegions = (
				en,
				Base,
			);
			mainGroup = 7AB3D6DC1AC35A3900CA94DB;
			productRefGroup = 7AB3D6E61AC35A3900CA94DB /* Products */;
			projectDirPath = "";
			projectRoot = "";
			targets = (
				7AB3D6E41AC35A3900CA94DB /* gzelle */,
			);
		};
/* End PBXProject section */

/* Begin PBXResourcesBuildPhase section */
		7AB3D6E31AC35A3900CA94DB /* Resources */ = {
			isa = PBXResourcesBuildPhase;
			buildActionMask = 2147483647;
			files = (
				7A216C221B1267E200F67B0F /* SPFriendsTableViewController.xib in Resources */,
				7AE4D1EB1AE256B9006F6C83 /* SPContainerViewController.xib in Resources */,
				7ADCF43D1B0688E3009834D5 /* SPSearchFriendsViewController.xib in Resources */,
				7AC691661B25FA0D0018EB9D /* SPCustomNotificationViewController.xib in Resources */,
				7AB3D7281AC35C4C00CA94DB /* SPComposeViewController.xib in Resources */,
				7AB3D72E1AC35C7400CA94DB /* SPMessageViewController.xib in Resources */,
				7AC6916F1B25FF960018EB9D /* SPCustomPageControl.xib in Resources */,
				7A216C2A1B164DA800F67B0F /* SPSettingsViewController.xib in Resources */,
				7AB3D6F91AC35A3900CA94DB /* LaunchScreen.xib in Resources */,
				7A49B98B1AE417830085D3C6 /* SPFriendTableViewCell.xib in Resources */,
				7AB3D7221AC35C1600CA94DB /* SPSignupViewController.xib in Resources */,
				7AE4D2091AE2AC28006F6C83 /* SPMessageListViewController.xib in Resources */,
				7AB3D6F61AC35A3900CA94DB /* Images.xcassets in Resources */,
				7AE4D2011AE2A749006F6C83 /* SPMessageTableViewCell.xib in Resources */,
				7A263D1F1AD5C10300D69F60 /* SPFriendsViewController.xib in Resources */,
			);
			runOnlyForDeploymentPostprocessing = 0;
		};
/* End PBXResourcesBuildPhase section */

/* Begin PBXShellScriptBuildPhase section */
		7ADC3AEE1B1F7CC9004A0CD2 /* Crashlytics */ = {
			isa = PBXShellScriptBuildPhase;
			buildActionMask = 2147483647;
			files = (
			);
			inputPaths = (
			);
			name = Crashlytics;
			outputPaths = (
			);
			runOnlyForDeploymentPostprocessing = 0;
			shellPath = /bin/sh;
			shellScript = "./Crashlytics.framework/run a842d2a25e2a337bce79b6737d757ad5fc3c0df0 2915a7d24c2ffaf53cf7017e5264f49891d4221afda40c7a037a11be1edd507e";
		};
		DC793F293ABEDAAAA5E8C5FC /* Copy Pods Resources */ = {
			isa = PBXShellScriptBuildPhase;
			buildActionMask = 2147483647;
			files = (
			);
			inputPaths = (
			);
			name = "Copy Pods Resources";
			outputPaths = (
			);
			runOnlyForDeploymentPostprocessing = 0;
			shellPath = /bin/sh;
			shellScript = "\"${SRCROOT}/Pods/Target Support Files/Pods/Pods-resources.sh\"\n";
			showEnvVarsInLog = 0;
		};
		F366ADAE9EFBDC6FDC0DC809 /* Check Pods Manifest.lock */ = {
			isa = PBXShellScriptBuildPhase;
			buildActionMask = 2147483647;
			files = (
			);
			inputPaths = (
			);
			name = "Check Pods Manifest.lock";
			outputPaths = (
			);
			runOnlyForDeploymentPostprocessing = 0;
			shellPath = /bin/sh;
			shellScript = "diff \"${PODS_ROOT}/../Podfile.lock\" \"${PODS_ROOT}/Manifest.lock\" > /dev/null\nif [[ $? != 0 ]] ; then\n    cat << EOM\nerror: The sandbox is not in sync with the Podfile.lock. Run 'pod install' or update your CocoaPods installation.\nEOM\n    exit 1\nfi\n";
			showEnvVarsInLog = 0;
		};
/* End PBXShellScriptBuildPhase section */

/* Begin PBXSourcesBuildPhase section */
		7AB3D6E11AC35A3900CA94DB /* Sources */ = {
			isa = PBXSourcesBuildPhase;
			buildActionMask = 2147483647;
			files = (
				7AB3D6EE1AC35A3900CA94DB /* SPAppDelegate.m in Sources */,
				7AE4D1F21AE2870E006F6C83 /* UILabel+Custom.m in Sources */,
				7A216C291B164DA800F67B0F /* SPSettingsViewController.m in Sources */,
				7AC691651B25FA0D0018EB9D /* SPCustomNotificationViewController.m in Sources */,
				7A263D1E1AD5C10300D69F60 /* SPFriendsViewController.m in Sources */,
				7AB3D7151AC35BA600CA94DB /* SPNetworkHelper.m in Sources */,
				7AB3D72D1AC35C7400CA94DB /* SPMessageViewController.m in Sources */,
				7A263D021AC89FEA00D69F60 /* SPContainerViewController.m in Sources */,
				7A49B98A1AE417830085D3C6 /* SPFriendTableViewCell.m in Sources */,
				7AC691721B2603240018EB9D /* UIView+Speedl.m in Sources */,
				7AE4D2001AE2A749006F6C83 /* SPMessageTableViewCell.m in Sources */,
				7AB3D7211AC35C1600CA94DB /* SPSignupViewController.m in Sources */,
				7AB3D7111AC35B7600CA94DB /* SPNetworkObject.m in Sources */,
				7AE4D1F81AE28BD7006F6C83 /* UIButton+Custom.m in Sources */,
				7ADCF43C1B0688E3009834D5 /* SPSearchFriendsViewController.m in Sources */,
				7AB3D7271AC35C4C00CA94DB /* SPComposeViewController.m in Sources */,
				7AB3D6EB1AC35A3900CA94DB /* main.m in Sources */,
				7A625F561B0545ED0092F412 /* SPAutoLayout.m in Sources */,
				7AC6916A1B25FD960018EB9D /* SPCircleView.m in Sources */,
				7AE4D1FB1AE294BE006F6C83 /* UISegmentedControl+Custom.m in Sources */,
				7ADCF4401B069BEE009834D5 /* UITableView+Custom.m in Sources */,
				7ADCF4471B06A537009834D5 /* SPUsersTableDelegate.m in Sources */,
				7AB3D71B1AC35BD000CA94DB /* SPUser.m in Sources */,
				7AE4D1F51AE2877D006F6C83 /* UITextField+Custom.m in Sources */,
				7A625F521B053A1A0092F412 /* SPFriendsTableViewController.m in Sources */,
				7A263CFB1AC89B3900D69F60 /* SPLoginRouter.m in Sources */,
				7A263D161AD1EF1900D69F60 /* SPMessageBuilder.m in Sources */,
				7AE4D2081AE2AC28006F6C83 /* SPMessageListViewController.m in Sources */,
				7A49B9841AE406CA0085D3C6 /* UITextView+Custom.m in Sources */,
				7AB3D71C1AC35BD000CA94DB /* SPUserBuilder.m in Sources */,
				7AE4D1EF1AE25E1F006F6C83 /* SPAppearance.m in Sources */,
				7A263D131AD1486B00D69F60 /* SPMessage.m in Sources */,
				7ADCF4441B06A265009834D5 /* SPUsersTableDataSource.m in Sources */,
				7A45F8A51B011DC5009BDA95 /* SPNotification.m in Sources */,
				7A49B98F1AE836350085D3C6 /* SPCustomTwoTabView.m in Sources */,
				7AC6916D1B25FF7F0018EB9D /* SPCustomPageControl.m in Sources */,
				7AB3D7321AC35C9900CA94DB /* SPMessageLabel.m in Sources */,
				7A263D191AD5BEB500D69F60 /* SPContainedViewController.m in Sources */,
			);
			runOnlyForDeploymentPostprocessing = 0;
		};
/* End PBXSourcesBuildPhase section */

/* Begin PBXVariantGroup section */
		7AB3D6F71AC35A3900CA94DB /* LaunchScreen.xib */ = {
			isa = PBXVariantGroup;
			children = (
				7AB3D6F81AC35A3900CA94DB /* Base */,
			);
			name = LaunchScreen.xib;
			sourceTree = "<group>";
		};
/* End PBXVariantGroup section */

/* Begin XCBuildConfiguration section */
		7AB3D7061AC35A3900CA94DB /* Debug */ = {
			isa = XCBuildConfiguration;
			buildSettings = {
				ALWAYS_SEARCH_USER_PATHS = NO;
				CLANG_CXX_LANGUAGE_STANDARD = "gnu++0x";
				CLANG_CXX_LIBRARY = "libc++";
				CLANG_ENABLE_MODULES = YES;
				CLANG_ENABLE_OBJC_ARC = YES;
				CLANG_WARN_BOOL_CONVERSION = YES;
				CLANG_WARN_CONSTANT_CONVERSION = YES;
				CLANG_WARN_DIRECT_OBJC_ISA_USAGE = YES_ERROR;
				CLANG_WARN_EMPTY_BODY = YES;
				CLANG_WARN_ENUM_CONVERSION = YES;
				CLANG_WARN_INT_CONVERSION = YES;
				CLANG_WARN_OBJC_ROOT_CLASS = YES_ERROR;
				CLANG_WARN_UNREACHABLE_CODE = YES;
				CLANG_WARN__DUPLICATE_METHOD_MATCH = YES;
				CODE_SIGN_IDENTITY = "iPhone Developer: Desmond McNamee (6HH32QDXUU)";
				"CODE_SIGN_IDENTITY[sdk=iphoneos*]" = "iPhone Developer";
				COPY_PHASE_STRIP = NO;
				ENABLE_STRICT_OBJC_MSGSEND = YES;
				GCC_C_LANGUAGE_STANDARD = gnu99;
				GCC_DYNAMIC_NO_PIC = NO;
				GCC_OPTIMIZATION_LEVEL = 0;
				GCC_PREPROCESSOR_DEFINITIONS = (
					"DEBUG=1",
					"$(inherited)",
				);
				GCC_SYMBOLS_PRIVATE_EXTERN = NO;
				GCC_WARN_64_TO_32_BIT_CONVERSION = YES;
				GCC_WARN_ABOUT_RETURN_TYPE = YES_ERROR;
				GCC_WARN_UNDECLARED_SELECTOR = YES;
				GCC_WARN_UNINITIALIZED_AUTOS = YES_AGGRESSIVE;
				GCC_WARN_UNUSED_FUNCTION = YES;
				GCC_WARN_UNUSED_VARIABLE = YES;
				IPHONEOS_DEPLOYMENT_TARGET = 8.0;
				MTL_ENABLE_DEBUG_INFO = YES;
				ONLY_ACTIVE_ARCH = YES;
				PROVISIONING_PROFILE = "4ea2923c-ac26-40d3-a8ba-21e5a3e5752c";
				SDKROOT = iphoneos;
				TARGETED_DEVICE_FAMILY = "1,2";
			};
			name = Debug;
		};
		7AB3D7071AC35A3900CA94DB /* Release */ = {
			isa = XCBuildConfiguration;
			buildSettings = {
				ALWAYS_SEARCH_USER_PATHS = NO;
				CLANG_CXX_LANGUAGE_STANDARD = "gnu++0x";
				CLANG_CXX_LIBRARY = "libc++";
				CLANG_ENABLE_MODULES = YES;
				CLANG_ENABLE_OBJC_ARC = YES;
				CLANG_WARN_BOOL_CONVERSION = YES;
				CLANG_WARN_CONSTANT_CONVERSION = YES;
				CLANG_WARN_DIRECT_OBJC_ISA_USAGE = YES_ERROR;
				CLANG_WARN_EMPTY_BODY = YES;
				CLANG_WARN_ENUM_CONVERSION = YES;
				CLANG_WARN_INT_CONVERSION = YES;
				CLANG_WARN_OBJC_ROOT_CLASS = YES_ERROR;
				CLANG_WARN_UNREACHABLE_CODE = YES;
				CLANG_WARN__DUPLICATE_METHOD_MATCH = YES;
				CODE_SIGN_IDENTITY = "iPhone Developer: Desmond McNamee (6HH32QDXUU)";
				"CODE_SIGN_IDENTITY[sdk=iphoneos*]" = "iPhone Developer";
				COPY_PHASE_STRIP = NO;
				ENABLE_NS_ASSERTIONS = NO;
				ENABLE_STRICT_OBJC_MSGSEND = YES;
				GCC_C_LANGUAGE_STANDARD = gnu99;
				GCC_WARN_64_TO_32_BIT_CONVERSION = YES;
				GCC_WARN_ABOUT_RETURN_TYPE = YES_ERROR;
				GCC_WARN_UNDECLARED_SELECTOR = YES;
				GCC_WARN_UNINITIALIZED_AUTOS = YES_AGGRESSIVE;
				GCC_WARN_UNUSED_FUNCTION = YES;
				GCC_WARN_UNUSED_VARIABLE = YES;
				IPHONEOS_DEPLOYMENT_TARGET = 8.0;
				MTL_ENABLE_DEBUG_INFO = NO;
				PROVISIONING_PROFILE = "4ea2923c-ac26-40d3-a8ba-21e5a3e5752c";
				SDKROOT = iphoneos;
				TARGETED_DEVICE_FAMILY = "1,2";
				VALIDATE_PRODUCT = YES;
			};
			name = Release;
		};
		7AB3D7091AC35A3900CA94DB /* Debug */ = {
			isa = XCBuildConfiguration;
			baseConfigurationReference = 816A64983FABAE9275CD7EB1 /* Pods.debug.xcconfig */;
			buildSettings = {
				ASSETCATALOG_COMPILER_APPICON_NAME = AppIcon;
				CODE_SIGN_IDENTITY = "iPhone Developer";
				FRAMEWORK_SEARCH_PATHS = (
					"$(inherited)",
					"$(PROJECT_DIR)",
				);
				GCC_PRECOMPILE_PREFIX_HEADER = NO;
				GCC_PREFIX_HEADER = "Speedl/gzelle-Prefix.pch";
				INFOPLIST_FILE = Speedl/Info.plist;
				IPHONEOS_DEPLOYMENT_TARGET = 8.0;
				LD_RUNPATH_SEARCH_PATHS = "$(inherited) @executable_path/Frameworks";
				PRODUCT_NAME = gzelle;
				PROVISIONING_PROFILE = "4ea2923c-ac26-40d3-a8ba-21e5a3e5752c";
				TARGETED_DEVICE_FAMILY = 1;
			};
			name = Debug;
		};
		7AB3D70A1AC35A3900CA94DB /* Release */ = {
			isa = XCBuildConfiguration;
			baseConfigurationReference = F9555CB790B98F993F9EC59E /* Pods.release.xcconfig */;
			buildSettings = {
				ASSETCATALOG_COMPILER_APPICON_NAME = AppIcon;
				CODE_SIGN_IDENTITY = "iPhone Developer";
				FRAMEWORK_SEARCH_PATHS = (
					"$(inherited)",
					"$(PROJECT_DIR)",
				);
				GCC_PRECOMPILE_PREFIX_HEADER = NO;
				GCC_PREFIX_HEADER = "Speedl/gzelle-Prefix.pch";
				INFOPLIST_FILE = Speedl/Info.plist;
				IPHONEOS_DEPLOYMENT_TARGET = 8.0;
				LD_RUNPATH_SEARCH_PATHS = "$(inherited) @executable_path/Frameworks";
				PRODUCT_NAME = gzelle;
				PROVISIONING_PROFILE = "4ea2923c-ac26-40d3-a8ba-21e5a3e5752c";
				TARGETED_DEVICE_FAMILY = 1;
			};
			name = Release;
		};
/* End XCBuildConfiguration section */

/* Begin XCConfigurationList section */
		7AB3D6E01AC35A3900CA94DB /* Build configuration list for PBXProject "gzelle" */ = {
			isa = XCConfigurationList;
			buildConfigurations = (
				7AB3D7061AC35A3900CA94DB /* Debug */,
				7AB3D7071AC35A3900CA94DB /* Release */,
			);
			defaultConfigurationIsVisible = 0;
			defaultConfigurationName = Release;
		};
		7AB3D7081AC35A3900CA94DB /* Build configuration list for PBXNativeTarget "gzelle" */ = {
			isa = XCConfigurationList;
			buildConfigurations = (
				7AB3D7091AC35A3900CA94DB /* Debug */,
				7AB3D70A1AC35A3900CA94DB /* Release */,
			);
			defaultConfigurationIsVisible = 0;
			defaultConfigurationName = Release;
		};
/* End XCConfigurationList section */
	};
	rootObject = 7AB3D6DD1AC35A3900CA94DB /* Project object */;
}
